// !$*UTF8*$!
{
	archiveVersion = 1;
	classes = {
	};
	objectVersion = 46;
	objects = {

/* Begin PBXBuildFile section */
		1DBFF198CC2BBF10D66E1269 /* Pods_nervousnet.framework in Frameworks */ = {isa = PBXBuildFile; fileRef = 2E02F23DE03AE89CCB108FCF /* Pods_nervousnet.framework */; };
		221CAEE61C88C183005D1A20 /* AccelerometerController.swift in Sources */ = {isa = PBXBuildFile; fileRef = 221CAEDD1C88C183005D1A20 /* AccelerometerController.swift */; };
		221CAEE71C88C183005D1A20 /* AxonController.swift in Sources */ = {isa = PBXBuildFile; fileRef = 221CAEDE1C88C183005D1A20 /* AxonController.swift */; };
		221CAEE81C88C183005D1A20 /* BatteryController.swift in Sources */ = {isa = PBXBuildFile; fileRef = 221CAEDF1C88C183005D1A20 /* BatteryController.swift */; };
		221CAEE91C88C183005D1A20 /* GyroscopeController.swift in Sources */ = {isa = PBXBuildFile; fileRef = 221CAEE01C88C183005D1A20 /* GyroscopeController.swift */; };
		221CAEEA1C88C183005D1A20 /* LAEController.swift in Sources */ = {isa = PBXBuildFile; fileRef = 221CAEE11C88C183005D1A20 /* LAEController.swift */; };
		221CAEEB1C88C183005D1A20 /* MagnetometerController.swift in Sources */ = {isa = PBXBuildFile; fileRef = 221CAEE21C88C183005D1A20 /* MagnetometerController.swift */; };
		221CAEEC1C88C183005D1A20 /* ProximityController.swift in Sources */ = {isa = PBXBuildFile; fileRef = 221CAEE31C88C183005D1A20 /* ProximityController.swift */; };
		221CAEED1C88C183005D1A20 /* SensorProtocol.swift in Sources */ = {isa = PBXBuildFile; fileRef = 221CAEE41C88C183005D1A20 /* SensorProtocol.swift */; };
		221CAEEE1C88C183005D1A20 /* VMController.swift in Sources */ = {isa = PBXBuildFile; fileRef = 221CAEE51C88C183005D1A20 /* VMController.swift */; };
		221CAEF11C88C190005D1A20 /* InstallableAxonsTableViewController.swift in Sources */ = {isa = PBXBuildFile; fileRef = 221CAEEF1C88C190005D1A20 /* InstallableAxonsTableViewController.swift */; };
		221CAEF21C88C190005D1A20 /* InstalledAxonsTableViewController.swift in Sources */ = {isa = PBXBuildFile; fileRef = 221CAEF01C88C190005D1A20 /* InstalledAxonsTableViewController.swift */; };
		221CAEF51C88C1B2005D1A20 /* AxonStore.swift in Sources */ = {isa = PBXBuildFile; fileRef = 221CAEF31C88C1B2005D1A20 /* AxonStore.swift */; };
		221CAEF61C88C1B2005D1A20 /* SensorStore.swift in Sources */ = {isa = PBXBuildFile; fileRef = 221CAEF41C88C1B2005D1A20 /* SensorStore.swift */; };
		221CAEF81C88C1BA005D1A20 /* AxonView.swift in Sources */ = {isa = PBXBuildFile; fileRef = 221CAEF71C88C1BA005D1A20 /* AxonView.swift */; };
		221CAF1C1C88C7C8005D1A20 /* MainModel.xcdatamodeld in Sources */ = {isa = PBXBuildFile; fileRef = 221CAF1A1C88C7C8005D1A20 /* MainModel.xcdatamodeld */; };
		221CAF1E1C88FB89005D1A20 /* AuthController.swift in Sources */ = {isa = PBXBuildFile; fileRef = 221CAF1D1C88FB89005D1A20 /* AuthController.swift */; };
		222262381CB1CE1D00E3CA4F /* ControlPanelTableViewController.swift in Sources */ = {isa = PBXBuildFile; fileRef = 222262371CB1CE1D00E3CA4F /* ControlPanelTableViewController.swift */; };
		22316DF219BFB422006FD165 /* nervousTests.swift in Sources */ = {isa = PBXBuildFile; fileRef = 22316DF119BFB422006FD165 /* nervousTests.swift */; };
		223847BD1C812A1600C17EFB /* MainNavigationController.swift in Sources */ = {isa = PBXBuildFile; fileRef = 223847BB1C812A1600C17EFB /* MainNavigationController.swift */; };
		223847BE1C812A1600C17EFB /* CreditsViewController.swift in Sources */ = {isa = PBXBuildFile; fileRef = 223847BC1C812A1600C17EFB /* CreditsViewController.swift */; };
		223847C31C812A4F00C17EFB /* Main.storyboard in Resources */ = {isa = PBXBuildFile; fileRef = 223847C21C812A4F00C17EFB /* Main.storyboard */; };
		223847C61C812A7200C17EFB /* AppDelegate.swift in Sources */ = {isa = PBXBuildFile; fileRef = 223847C41C812A7200C17EFB /* AppDelegate.swift */; };
		22653FFB19D70899004E1AA2 /* QuartzCore.framework in Frameworks */ = {isa = PBXBuildFile; fileRef = 22653FFA19D70898004E1AA2 /* QuartzCore.framework */; };
		2298F7D71C8198840014CB24 /* Images.xcassets in Resources */ = {isa = PBXBuildFile; fileRef = 2298F7D61C8198840014CB24 /* Images.xcassets */; };
		22AA3A851CB198B600B03B94 /* MainCollectionViewController.swift in Sources */ = {isa = PBXBuildFile; fileRef = 22AA3A841CB198B600B03B94 /* MainCollectionViewController.swift */; };
		22AA3A871CB19DC900B03B94 /* MainCVCellCollectionViewCell.swift in Sources */ = {isa = PBXBuildFile; fileRef = 22AA3A861CB19DC900B03B94 /* MainCVCellCollectionViewCell.swift */; };
		22B03E6019CE102900E50D04 /* SpriteKit.framework in Frameworks */ = {isa = PBXBuildFile; fileRef = 22B03E5F19CE102900E50D04 /* SpriteKit.framework */; };
		22B03E6419D04BB500E50D04 /* CoreLocation.framework in Frameworks */ = {isa = PBXBuildFile; fileRef = 22B03E6319D04BB500E50D04 /* CoreLocation.framework */; };
		22D10CA919D598A1000D6942 /* CFNetwork.framework in Frameworks */ = {isa = PBXBuildFile; fileRef = 22D10CA819D598A1000D6942 /* CFNetwork.framework */; };
		22D2D66F19C097F900B11C54 /* Foundation.framework in Frameworks */ = {isa = PBXBuildFile; fileRef = 22D2D66E19C097F900B11C54 /* Foundation.framework */; };
		22F90A6B1C8C76F0006A56FD /* BeaconController.swift in Sources */ = {isa = PBXBuildFile; fileRef = 22F90A6A1C8C76F0006A56FD /* BeaconController.swift */; };
		22FF8A8719F14AFA00AC6783 /* CoreGraphics.framework in Frameworks */ = {isa = PBXBuildFile; fileRef = 22FF8A8619F14AFA00AC6783 /* CoreGraphics.framework */; };
		22FF8A8D19F14B3A00AC6783 /* UIKit.framework in Frameworks */ = {isa = PBXBuildFile; fileRef = 22FF8A8C19F14B3A00AC6783 /* UIKit.framework */; settings = {ATTRIBUTES = (Required, ); }; };
		E1A897101CA7F2D000393545 /* VMController.swift in Sources */ = {isa = PBXBuildFile; fileRef = 221CAEE51C88C183005D1A20 /* VMController.swift */; };
		E1A897111CA7F31900393545 /* SensorStore.swift in Sources */ = {isa = PBXBuildFile; fileRef = 221CAEF41C88C1B2005D1A20 /* SensorStore.swift */; };
		E1A897121CA7F32000393545 /* AxonStore.swift in Sources */ = {isa = PBXBuildFile; fileRef = 221CAEF31C88C1B2005D1A20 /* AxonStore.swift */; };
		E1A897161CAD653400393545 /* QueryController.swift in Sources */ = {isa = PBXBuildFile; fileRef = E1A897151CAD653400393545 /* QueryController.swift */; };
		E1A897181CAD654E00393545 /* ReadController.swift in Sources */ = {isa = PBXBuildFile; fileRef = E1A897171CAD654E00393545 /* ReadController.swift */; };
		E1A8971A1CAD656900393545 /* WriteController.swift in Sources */ = {isa = PBXBuildFile; fileRef = E1A897191CAD656900393545 /* WriteController.swift */; };
		E1A8971C1CAD657B00393545 /* RegisterController.swift in Sources */ = {isa = PBXBuildFile; fileRef = E1A8971B1CAD657B00393545 /* RegisterController.swift */; };
/* End PBXBuildFile section */

/* Begin PBXContainerItemProxy section */
		22316DEC19BFB422006FD165 /* PBXContainerItemProxy */ = {
			isa = PBXContainerItemProxy;
			containerPortal = 22316DCF19BFB422006FD165 /* Project object */;
			proxyType = 1;
			remoteGlobalIDString = 22316DD619BFB422006FD165;
			remoteInfo = nervous;
		};
/* End PBXContainerItemProxy section */

/* Begin PBXFileReference section */
		14FAE4EC73BD4C359734208F /* Pods-nervousnet.debug.xcconfig */ = {isa = PBXFileReference; includeInIndex = 1; lastKnownFileType = text.xcconfig; name = "Pods-nervousnet.debug.xcconfig"; path = "Pods/Target Support Files/Pods-nervousnet/Pods-nervousnet.debug.xcconfig"; sourceTree = "<group>"; };
		221CAEDD1C88C183005D1A20 /* AccelerometerController.swift */ = {isa = PBXFileReference; fileEncoding = 4; lastKnownFileType = sourcecode.swift; path = AccelerometerController.swift; sourceTree = "<group>"; };
		221CAEDE1C88C183005D1A20 /* AxonController.swift */ = {isa = PBXFileReference; fileEncoding = 4; lastKnownFileType = sourcecode.swift; path = AxonController.swift; sourceTree = "<group>"; };
		221CAEDF1C88C183005D1A20 /* BatteryController.swift */ = {isa = PBXFileReference; fileEncoding = 4; lastKnownFileType = sourcecode.swift; path = BatteryController.swift; sourceTree = "<group>"; };
		221CAEE01C88C183005D1A20 /* GyroscopeController.swift */ = {isa = PBXFileReference; fileEncoding = 4; lastKnownFileType = sourcecode.swift; path = GyroscopeController.swift; sourceTree = "<group>"; };
		221CAEE11C88C183005D1A20 /* LAEController.swift */ = {isa = PBXFileReference; fileEncoding = 4; lastKnownFileType = sourcecode.swift; path = LAEController.swift; sourceTree = "<group>"; };
		221CAEE21C88C183005D1A20 /* MagnetometerController.swift */ = {isa = PBXFileReference; fileEncoding = 4; lastKnownFileType = sourcecode.swift; path = MagnetometerController.swift; sourceTree = "<group>"; };
		221CAEE31C88C183005D1A20 /* ProximityController.swift */ = {isa = PBXFileReference; fileEncoding = 4; lastKnownFileType = sourcecode.swift; path = ProximityController.swift; sourceTree = "<group>"; };
		221CAEE41C88C183005D1A20 /* SensorProtocol.swift */ = {isa = PBXFileReference; fileEncoding = 4; lastKnownFileType = sourcecode.swift; path = SensorProtocol.swift; sourceTree = "<group>"; };
		221CAEE51C88C183005D1A20 /* VMController.swift */ = {isa = PBXFileReference; fileEncoding = 4; lastKnownFileType = sourcecode.swift; path = VMController.swift; sourceTree = "<group>"; };
		221CAEEF1C88C190005D1A20 /* InstallableAxonsTableViewController.swift */ = {isa = PBXFileReference; fileEncoding = 4; lastKnownFileType = sourcecode.swift; path = InstallableAxonsTableViewController.swift; sourceTree = "<group>"; };
		221CAEF01C88C190005D1A20 /* InstalledAxonsTableViewController.swift */ = {isa = PBXFileReference; fileEncoding = 4; lastKnownFileType = sourcecode.swift; path = InstalledAxonsTableViewController.swift; sourceTree = "<group>"; };
		221CAEF31C88C1B2005D1A20 /* AxonStore.swift */ = {isa = PBXFileReference; fileEncoding = 4; lastKnownFileType = sourcecode.swift; path = AxonStore.swift; sourceTree = "<group>"; };
		221CAEF41C88C1B2005D1A20 /* SensorStore.swift */ = {isa = PBXFileReference; fileEncoding = 4; lastKnownFileType = sourcecode.swift; path = SensorStore.swift; sourceTree = "<group>"; };
		221CAEF71C88C1BA005D1A20 /* AxonView.swift */ = {isa = PBXFileReference; fileEncoding = 4; lastKnownFileType = sourcecode.swift; path = AxonView.swift; sourceTree = "<group>"; };
		221CAF1B1C88C7C8005D1A20 /* MainModel.xcdatamodel */ = {isa = PBXFileReference; lastKnownFileType = wrapper.xcdatamodel; path = MainModel.xcdatamodel; sourceTree = "<group>"; };
		221CAF1D1C88FB89005D1A20 /* AuthController.swift */ = {isa = PBXFileReference; fileEncoding = 4; lastKnownFileType = sourcecode.swift; path = AuthController.swift; sourceTree = "<group>"; };
		222262371CB1CE1D00E3CA4F /* ControlPanelTableViewController.swift */ = {isa = PBXFileReference; fileEncoding = 4; lastKnownFileType = sourcecode.swift; path = ControlPanelTableViewController.swift; sourceTree = "<group>"; };
		22316DD719BFB422006FD165 /* nervousnet.app */ = {isa = PBXFileReference; explicitFileType = wrapper.application; includeInIndex = 0; path = nervousnet.app; sourceTree = BUILT_PRODUCTS_DIR; };
		22316DEB19BFB422006FD165 /* nervousnetTests.xctest */ = {isa = PBXFileReference; explicitFileType = wrapper.cfbundle; includeInIndex = 0; path = nervousnetTests.xctest; sourceTree = BUILT_PRODUCTS_DIR; };
		22316DF019BFB422006FD165 /* Info.plist */ = {isa = PBXFileReference; lastKnownFileType = text.plist.xml; path = Info.plist; sourceTree = "<group>"; };
		22316DF119BFB422006FD165 /* nervousTests.swift */ = {isa = PBXFileReference; lastKnownFileType = sourcecode.swift; path = nervousTests.swift; sourceTree = "<group>"; };
		223847BB1C812A1600C17EFB /* MainNavigationController.swift */ = {isa = PBXFileReference; fileEncoding = 4; lastKnownFileType = sourcecode.swift; path = MainNavigationController.swift; sourceTree = "<group>"; };
		223847BC1C812A1600C17EFB /* CreditsViewController.swift */ = {isa = PBXFileReference; fileEncoding = 4; lastKnownFileType = sourcecode.swift; path = CreditsViewController.swift; sourceTree = "<group>"; };
		223847C21C812A4F00C17EFB /* Main.storyboard */ = {isa = PBXFileReference; fileEncoding = 4; lastKnownFileType = file.storyboard; path = Main.storyboard; sourceTree = "<group>"; };
		223847C41C812A7200C17EFB /* AppDelegate.swift */ = {isa = PBXFileReference; fileEncoding = 4; lastKnownFileType = sourcecode.swift; path = AppDelegate.swift; sourceTree = "<group>"; };
		22653FFA19D70898004E1AA2 /* QuartzCore.framework */ = {isa = PBXFileReference; lastKnownFileType = wrapper.framework; name = QuartzCore.framework; path = System/Library/Frameworks/QuartzCore.framework; sourceTree = SDKROOT; };
		2298F7D61C8198840014CB24 /* Images.xcassets */ = {isa = PBXFileReference; lastKnownFileType = folder.assetcatalog; path = Images.xcassets; sourceTree = "<group>"; };
		22AA3A841CB198B600B03B94 /* MainCollectionViewController.swift */ = {isa = PBXFileReference; fileEncoding = 4; lastKnownFileType = sourcecode.swift; path = MainCollectionViewController.swift; sourceTree = "<group>"; };
		22AA3A861CB19DC900B03B94 /* MainCVCellCollectionViewCell.swift */ = {isa = PBXFileReference; fileEncoding = 4; lastKnownFileType = sourcecode.swift; path = MainCVCellCollectionViewCell.swift; sourceTree = "<group>"; };
		22B03E5F19CE102900E50D04 /* SpriteKit.framework */ = {isa = PBXFileReference; lastKnownFileType = wrapper.framework; name = SpriteKit.framework; path = System/Library/Frameworks/SpriteKit.framework; sourceTree = SDKROOT; };
		22B03E6319D04BB500E50D04 /* CoreLocation.framework */ = {isa = PBXFileReference; lastKnownFileType = wrapper.framework; name = CoreLocation.framework; path = System/Library/Frameworks/CoreLocation.framework; sourceTree = SDKROOT; };
		22D10CA819D598A1000D6942 /* CFNetwork.framework */ = {isa = PBXFileReference; lastKnownFileType = wrapper.framework; name = CFNetwork.framework; path = System/Library/Frameworks/CFNetwork.framework; sourceTree = SDKROOT; };
		22D2D66E19C097F900B11C54 /* Foundation.framework */ = {isa = PBXFileReference; lastKnownFileType = wrapper.framework; name = Foundation.framework; path = System/Library/Frameworks/Foundation.framework; sourceTree = SDKROOT; };
		22F90A6A1C8C76F0006A56FD /* BeaconController.swift */ = {isa = PBXFileReference; fileEncoding = 4; lastKnownFileType = sourcecode.swift; path = BeaconController.swift; sourceTree = "<group>"; };
		22FF8A8619F14AFA00AC6783 /* CoreGraphics.framework */ = {isa = PBXFileReference; lastKnownFileType = wrapper.framework; name = CoreGraphics.framework; path = System/Library/Frameworks/CoreGraphics.framework; sourceTree = SDKROOT; };
		22FF8A8C19F14B3A00AC6783 /* UIKit.framework */ = {isa = PBXFileReference; lastKnownFileType = wrapper.framework; name = UIKit.framework; path = System/Library/Frameworks/UIKit.framework; sourceTree = SDKROOT; };
		2E02F23DE03AE89CCB108FCF /* Pods_nervousnet.framework */ = {isa = PBXFileReference; explicitFileType = wrapper.framework; includeInIndex = 0; path = Pods_nervousnet.framework; sourceTree = BUILT_PRODUCTS_DIR; };
		D973B0B88CF2E1839C305D57 /* Pods-nervousnet.release.xcconfig */ = {isa = PBXFileReference; includeInIndex = 1; lastKnownFileType = text.xcconfig; name = "Pods-nervousnet.release.xcconfig"; path = "Pods/Target Support Files/Pods-nervousnet/Pods-nervousnet.release.xcconfig"; sourceTree = "<group>"; };
		E1A897151CAD653400393545 /* QueryController.swift */ = {isa = PBXFileReference; fileEncoding = 4; lastKnownFileType = sourcecode.swift; path = QueryController.swift; sourceTree = "<group>"; };
		E1A897171CAD654E00393545 /* ReadController.swift */ = {isa = PBXFileReference; fileEncoding = 4; lastKnownFileType = sourcecode.swift; path = ReadController.swift; sourceTree = "<group>"; };
		E1A897191CAD656900393545 /* WriteController.swift */ = {isa = PBXFileReference; fileEncoding = 4; lastKnownFileType = sourcecode.swift; path = WriteController.swift; sourceTree = "<group>"; };
		E1A8971B1CAD657B00393545 /* RegisterController.swift */ = {isa = PBXFileReference; fileEncoding = 4; lastKnownFileType = sourcecode.swift; path = RegisterController.swift; sourceTree = "<group>"; };
		FC1346AF1AD5D08B00D9998C /* libsqlite3.dylib */ = {isa = PBXFileReference; lastKnownFileType = "compiled.mach-o.dylib"; name = libsqlite3.dylib; path = usr/lib/libsqlite3.dylib; sourceTree = SDKROOT; };
		FC1346B11AD5D09500D9998C /* libsqlite3.0.dylib */ = {isa = PBXFileReference; lastKnownFileType = "compiled.mach-o.dylib"; name = libsqlite3.0.dylib; path = usr/lib/libsqlite3.0.dylib; sourceTree = SDKROOT; };
/* End PBXFileReference section */

/* Begin PBXFrameworksBuildPhase section */
		22316DD419BFB422006FD165 /* Frameworks */ = {
			isa = PBXFrameworksBuildPhase;
			buildActionMask = 2147483647;
			files = (
				22FF8A8719F14AFA00AC6783 /* CoreGraphics.framework in Frameworks */,
				22653FFB19D70899004E1AA2 /* QuartzCore.framework in Frameworks */,
				22D10CA919D598A1000D6942 /* CFNetwork.framework in Frameworks */,
				22B03E6419D04BB500E50D04 /* CoreLocation.framework in Frameworks */,
				22B03E6019CE102900E50D04 /* SpriteKit.framework in Frameworks */,
				22D2D66F19C097F900B11C54 /* Foundation.framework in Frameworks */,
				22FF8A8D19F14B3A00AC6783 /* UIKit.framework in Frameworks */,
				1DBFF198CC2BBF10D66E1269 /* Pods_nervousnet.framework in Frameworks */,
			);
			runOnlyForDeploymentPostprocessing = 0;
		};
		22316DE819BFB422006FD165 /* Frameworks */ = {
			isa = PBXFrameworksBuildPhase;
			buildActionMask = 2147483647;
			files = (
			);
			runOnlyForDeploymentPostprocessing = 0;
		};
/* End PBXFrameworksBuildPhase section */

/* Begin PBXGroup section */
		222066BD1C8CA17F0050DC90 /* axon-resources */ = {
			isa = PBXGroup;
			children = (
			);
			name = "axon-resources";
			path = "nervous/Assets/axon-resources";
			sourceTree = SOURCE_ROOT;
		};
		222066BE1C8CA1B90050DC90 /* included-axons */ = {
			isa = PBXGroup;
			children = (
			);
			name = "included-axons";
			path = "nervous/Assets/included-axons";
			sourceTree = SOURCE_ROOT;
		};
		22316DCE19BFB422006FD165 = {
			isa = PBXGroup;
			children = (
				22316DD919BFB422006FD165 /* nervous */,
				22316DEE19BFB422006FD165 /* nervousTests */,
				22316DD819BFB422006FD165 /* Products */,
				22FF8A8519F14ACB00AC6783 /* Frameworks */,
				2A3EDF2AC2A2DC95F8BB5785 /* Pods */,
			);
			sourceTree = "<group>";
		};
		22316DD819BFB422006FD165 /* Products */ = {
			isa = PBXGroup;
			children = (
				22316DD719BFB422006FD165 /* nervousnet.app */,
				22316DEB19BFB422006FD165 /* nervousnetTests.xctest */,
			);
			name = Products;
			sourceTree = "<group>";
		};
		22316DD919BFB422006FD165 /* nervous */ = {
			isa = PBXGroup;
			children = (
				223847C41C812A7200C17EFB /* AppDelegate.swift */,
				223847B91C8129C800C17EFB /* Assets */,
				223847B81C8129C000C17EFB /* Controllers */,
				223847B71C8129BB00C17EFB /* Stores */,
				223847B61C8129B600C17EFB /* Views */,
				223847B51C8129AF00C17EFB /* Models */,
			);
			path = nervous;
			sourceTree = "<group>";
		};
		22316DEE19BFB422006FD165 /* nervousTests */ = {
			isa = PBXGroup;
			children = (
				22316DF119BFB422006FD165 /* nervousTests.swift */,
				22316DEF19BFB422006FD165 /* Supporting Files */,
			);
			path = nervousTests;
			sourceTree = "<group>";
		};
		22316DEF19BFB422006FD165 /* Supporting Files */ = {
			isa = PBXGroup;
			children = (
				22316DF019BFB422006FD165 /* Info.plist */,
			);
			name = "Supporting Files";
			sourceTree = "<group>";
		};
		223847B51C8129AF00C17EFB /* Models */ = {
			isa = PBXGroup;
			children = (
				221CAF1A1C88C7C8005D1A20 /* MainModel.xcdatamodeld */,
			);
			path = Models;
			sourceTree = "<group>";
		};
		223847B61C8129B600C17EFB /* Views */ = {
			isa = PBXGroup;
			children = (
				22AA3A861CB19DC900B03B94 /* MainCVCellCollectionViewCell.swift */,
				221CAEF71C88C1BA005D1A20 /* AxonView.swift */,
				223847BF1C812A2E00C17EFB /* Storyboards */,
			);
			path = Views;
			sourceTree = "<group>";
		};
		223847B71C8129BB00C17EFB /* Stores */ = {
			isa = PBXGroup;
			children = (
				221CAEF31C88C1B2005D1A20 /* AxonStore.swift */,
				221CAEF41C88C1B2005D1A20 /* SensorStore.swift */,
			);
			path = Stores;
			sourceTree = "<group>";
		};
		223847B81C8129C000C17EFB /* Controllers */ = {
			isa = PBXGroup;
			children = (
				221CAEDD1C88C183005D1A20 /* AccelerometerController.swift */,
				221CAEDE1C88C183005D1A20 /* AxonController.swift */,
				221CAEDF1C88C183005D1A20 /* BatteryController.swift */,
				221CAEE01C88C183005D1A20 /* GyroscopeController.swift */,
				221CAEE11C88C183005D1A20 /* LAEController.swift */,
				E1A897141CAD64AC00393545 /* HubController */,
				221CAEE21C88C183005D1A20 /* MagnetometerController.swift */,
				221CAEE31C88C183005D1A20 /* ProximityController.swift */,
				22F90A6A1C8C76F0006A56FD /* BeaconController.swift */,
				221CAEE41C88C183005D1A20 /* SensorProtocol.swift */,
				221CAEE51C88C183005D1A20 /* VMController.swift */,
				221CAF1D1C88FB89005D1A20 /* AuthController.swift */,
				223847BA1C8129D400C17EFB /* ViewControllers */,
			);
			path = Controllers;
			sourceTree = "<group>";
		};
		223847B91C8129C800C17EFB /* Assets */ = {
			isa = PBXGroup;
			children = (
				222066BE1C8CA1B90050DC90 /* included-axons */,
				222066BD1C8CA17F0050DC90 /* axon-resources */,
				2298F7D61C8198840014CB24 /* Images.xcassets */,
			);
			path = Assets;
			sourceTree = "<group>";
		};
		223847BA1C8129D400C17EFB /* ViewControllers */ = {
			isa = PBXGroup;
			children = (
				223847BB1C812A1600C17EFB /* MainNavigationController.swift */,
				22AA3A841CB198B600B03B94 /* MainCollectionViewController.swift */,
				222262371CB1CE1D00E3CA4F /* ControlPanelTableViewController.swift */,
				221CAEEF1C88C190005D1A20 /* InstallableAxonsTableViewController.swift */,
				221CAEF01C88C190005D1A20 /* InstalledAxonsTableViewController.swift */,
				223847BC1C812A1600C17EFB /* CreditsViewController.swift */,
			);
			path = ViewControllers;
			sourceTree = "<group>";
		};
		223847BF1C812A2E00C17EFB /* Storyboards */ = {
			isa = PBXGroup;
			children = (
				223847C21C812A4F00C17EFB /* Main.storyboard */,
			);
			path = Storyboards;
			sourceTree = "<group>";
		};
		22FF8A8519F14ACB00AC6783 /* Frameworks */ = {
			isa = PBXGroup;
			children = (
				FC1346B11AD5D09500D9998C /* libsqlite3.0.dylib */,
				FC1346AF1AD5D08B00D9998C /* libsqlite3.dylib */,
				22FF8A8C19F14B3A00AC6783 /* UIKit.framework */,
				22FF8A8619F14AFA00AC6783 /* CoreGraphics.framework */,
				22653FFA19D70898004E1AA2 /* QuartzCore.framework */,
				22D10CA819D598A1000D6942 /* CFNetwork.framework */,
				22B03E6319D04BB500E50D04 /* CoreLocation.framework */,
				22B03E5F19CE102900E50D04 /* SpriteKit.framework */,
				22D2D66E19C097F900B11C54 /* Foundation.framework */,
				2E02F23DE03AE89CCB108FCF /* Pods_nervousnet.framework */,
			);
			name = Frameworks;
			sourceTree = "<group>";
		};
		2A3EDF2AC2A2DC95F8BB5785 /* Pods */ = {
			isa = PBXGroup;
			children = (
				14FAE4EC73BD4C359734208F /* Pods-nervousnet.debug.xcconfig */,
				D973B0B88CF2E1839C305D57 /* Pods-nervousnet.release.xcconfig */,
			);
			name = Pods;
			sourceTree = "<group>";
		};
		E1A897141CAD64AC00393545 /* HubController */ = {
			isa = PBXGroup;
			children = (
				E1A897151CAD653400393545 /* QueryController.swift */,
				E1A897171CAD654E00393545 /* ReadController.swift */,
				E1A897191CAD656900393545 /* WriteController.swift */,
				E1A8971B1CAD657B00393545 /* RegisterController.swift */,
			);
			name = HubController;
			sourceTree = "<group>";
		};
/* End PBXGroup section */

/* Begin PBXNativeTarget section */
		22316DD619BFB422006FD165 /* nervousnet */ = {
			isa = PBXNativeTarget;
			buildConfigurationList = 22316DF519BFB422006FD165 /* Build configuration list for PBXNativeTarget "nervousnet" */;
			buildPhases = (
				578FE09805983AE7AEA33879 /* Check Pods Manifest.lock */,
				22316DD319BFB422006FD165 /* Sources */,
				22316DD419BFB422006FD165 /* Frameworks */,
				22316DD519BFB422006FD165 /* Resources */,
				3BBB7548F2458E955FF62C42 /* Embed Pods Frameworks */,
				99425FE6A80CDF887AFA48E8 /* Copy Pods Resources */,
			);
			buildRules = (
			);
			dependencies = (
			);
			name = nervousnet;
			productName = nervous;
			productReference = 22316DD719BFB422006FD165 /* nervousnet.app */;
			productType = "com.apple.product-type.application";
		};
		22316DEA19BFB422006FD165 /* nervousnetTests */ = {
			isa = PBXNativeTarget;
			buildConfigurationList = 22316DF819BFB422006FD165 /* Build configuration list for PBXNativeTarget "nervousnetTests" */;
			buildPhases = (
				22316DE719BFB422006FD165 /* Sources */,
				22316DE819BFB422006FD165 /* Frameworks */,
				22316DE919BFB422006FD165 /* Resources */,
			);
			buildRules = (
			);
			dependencies = (
				22316DED19BFB422006FD165 /* PBXTargetDependency */,
			);
			name = nervousnetTests;
			productName = nervousTests;
			productReference = 22316DEB19BFB422006FD165 /* nervousnetTests.xctest */;
			productType = "com.apple.product-type.bundle.unit-test";
		};
/* End PBXNativeTarget section */

/* Begin PBXProject section */
		22316DCF19BFB422006FD165 /* Project object */ = {
			isa = PBXProject;
			attributes = {
				LastSwiftMigration = 0720;
				LastSwiftUpdateCheck = 0720;
				LastUpgradeCheck = 0720;
				ORGANIZATIONNAME = ethz;
				TargetAttributes = {
					22316DD619BFB422006FD165 = {
						CreatedOnToolsVersion = 6.0;
						DevelopmentTeam = 5R8S596684;
					};
					22316DEA19BFB422006FD165 = {
						CreatedOnToolsVersion = 6.0;
						TestTargetID = 22316DD619BFB422006FD165;
					};
				};
			};
			buildConfigurationList = 22316DD219BFB422006FD165 /* Build configuration list for PBXProject "nervousnet" */;
			compatibilityVersion = "Xcode 3.2";
			developmentRegion = English;
			hasScannedForEncodings = 0;
			knownRegions = (
				en,
				Base,
			);
			mainGroup = 22316DCE19BFB422006FD165;
			productRefGroup = 22316DD819BFB422006FD165 /* Products */;
			projectDirPath = "";
			projectRoot = "";
			targets = (
				22316DD619BFB422006FD165 /* nervousnet */,
				22316DEA19BFB422006FD165 /* nervousnetTests */,
			);
		};
/* End PBXProject section */

/* Begin PBXResourcesBuildPhase section */
		22316DD519BFB422006FD165 /* Resources */ = {
			isa = PBXResourcesBuildPhase;
			buildActionMask = 2147483647;
			files = (
				223847C31C812A4F00C17EFB /* Main.storyboard in Resources */,
				2298F7D71C8198840014CB24 /* Images.xcassets in Resources */,
			);
			runOnlyForDeploymentPostprocessing = 0;
		};
		22316DE919BFB422006FD165 /* Resources */ = {
			isa = PBXResourcesBuildPhase;
			buildActionMask = 2147483647;
			files = (
			);
			runOnlyForDeploymentPostprocessing = 0;
		};
/* End PBXResourcesBuildPhase section */

/* Begin PBXShellScriptBuildPhase section */
		3BBB7548F2458E955FF62C42 /* Embed Pods Frameworks */ = {
			isa = PBXShellScriptBuildPhase;
			buildActionMask = 2147483647;
			files = (
			);
			inputPaths = (
			);
			name = "Embed Pods Frameworks";
			outputPaths = (
			);
			runOnlyForDeploymentPostprocessing = 0;
			shellPath = /bin/sh;
			shellScript = "\"${SRCROOT}/Pods/Target Support Files/Pods-nervousnet/Pods-nervousnet-frameworks.sh\"\n";
			showEnvVarsInLog = 0;
		};
		578FE09805983AE7AEA33879 /* Check Pods Manifest.lock */ = {
			isa = PBXShellScriptBuildPhase;
			buildActionMask = 2147483647;
			files = (
			);
			inputPaths = (
			);
			name = "Check Pods Manifest.lock";
			outputPaths = (
			);
			runOnlyForDeploymentPostprocessing = 0;
			shellPath = /bin/sh;
			shellScript = "diff \"${PODS_ROOT}/../Podfile.lock\" \"${PODS_ROOT}/Manifest.lock\" > /dev/null\nif [[ $? != 0 ]] ; then\n    cat << EOM\nerror: The sandbox is not in sync with the Podfile.lock. Run 'pod install' or update your CocoaPods installation.\nEOM\n    exit 1\nfi\n";
			showEnvVarsInLog = 0;
		};
		99425FE6A80CDF887AFA48E8 /* Copy Pods Resources */ = {
			isa = PBXShellScriptBuildPhase;
			buildActionMask = 2147483647;
			files = (
			);
			inputPaths = (
			);
			name = "Copy Pods Resources";
			outputPaths = (
			);
			runOnlyForDeploymentPostprocessing = 0;
			shellPath = /bin/sh;
			shellScript = "\"${SRCROOT}/Pods/Target Support Files/Pods-nervousnet/Pods-nervousnet-resources.sh\"\n";
			showEnvVarsInLog = 0;
		};
/* End PBXShellScriptBuildPhase section */

/* Begin PBXSourcesBuildPhase section */
		22316DD319BFB422006FD165 /* Sources */ = {
			isa = PBXSourcesBuildPhase;
			buildActionMask = 2147483647;
			files = (
				221CAF1C1C88C7C8005D1A20 /* MainModel.xcdatamodeld in Sources */,
				22AA3A851CB198B600B03B94 /* MainCollectionViewController.swift in Sources */,
				E1A897181CAD654E00393545 /* ReadController.swift in Sources */,
				22F90A6B1C8C76F0006A56FD /* BeaconController.swift in Sources */,
				221CAEEB1C88C183005D1A20 /* MagnetometerController.swift in Sources */,
				221CAEE71C88C183005D1A20 /* AxonController.swift in Sources */,
				22AA3A871CB19DC900B03B94 /* MainCVCellCollectionViewCell.swift in Sources */,
				E1A897161CAD653400393545 /* QueryController.swift in Sources */,
				221CAEE91C88C183005D1A20 /* GyroscopeController.swift in Sources */,
				221CAF1E1C88FB89005D1A20 /* AuthController.swift in Sources */,
				221CAEF61C88C1B2005D1A20 /* SensorStore.swift in Sources */,
				221CAEF11C88C190005D1A20 /* InstallableAxonsTableViewController.swift in Sources */,
				E1A8971A1CAD656900393545 /* WriteController.swift in Sources */,
				221CAEE81C88C183005D1A20 /* BatteryController.swift in Sources */,
				221CAEEE1C88C183005D1A20 /* VMController.swift in Sources */,
				221CAEED1C88C183005D1A20 /* SensorProtocol.swift in Sources */,
				223847C61C812A7200C17EFB /* AppDelegate.swift in Sources */,
				221CAEEA1C88C183005D1A20 /* LAEController.swift in Sources */,
				221CAEF51C88C1B2005D1A20 /* AxonStore.swift in Sources */,
				223847BD1C812A1600C17EFB /* MainNavigationController.swift in Sources */,
				223847BE1C812A1600C17EFB /* CreditsViewController.swift in Sources */,
				221CAEE61C88C183005D1A20 /* AccelerometerController.swift in Sources */,
				E1A8971C1CAD657B00393545 /* RegisterController.swift in Sources */,
				221CAEF21C88C190005D1A20 /* InstalledAxonsTableViewController.swift in Sources */,
				221CAEEC1C88C183005D1A20 /* ProximityController.swift in Sources */,
				221CAEF81C88C1BA005D1A20 /* AxonView.swift in Sources */,
				222262381CB1CE1D00E3CA4F /* ControlPanelTableViewController.swift in Sources */,
			);
			runOnlyForDeploymentPostprocessing = 0;
		};
		22316DE719BFB422006FD165 /* Sources */ = {
			isa = PBXSourcesBuildPhase;
			buildActionMask = 2147483647;
			files = (
				E1A897111CA7F31900393545 /* SensorStore.swift in Sources */,
				E1A897121CA7F32000393545 /* AxonStore.swift in Sources */,
				E1A897101CA7F2D000393545 /* VMController.swift in Sources */,
				22316DF219BFB422006FD165 /* nervousTests.swift in Sources */,
			);
			runOnlyForDeploymentPostprocessing = 0;
		};
/* End PBXSourcesBuildPhase section */

/* Begin PBXTargetDependency section */
		22316DED19BFB422006FD165 /* PBXTargetDependency */ = {
			isa = PBXTargetDependency;
			target = 22316DD619BFB422006FD165 /* nervousnet */;
			targetProxy = 22316DEC19BFB422006FD165 /* PBXContainerItemProxy */;
		};
/* End PBXTargetDependency section */

/* Begin XCBuildConfiguration section */
		22316DF319BFB422006FD165 /* Debug */ = {
			isa = XCBuildConfiguration;
			buildSettings = {
				ALWAYS_SEARCH_USER_PATHS = NO;
				CLANG_CXX_LANGUAGE_STANDARD = "gnu++0x";
				CLANG_CXX_LIBRARY = "libc++";
				CLANG_ENABLE_MODULES = YES;
				CLANG_ENABLE_OBJC_ARC = YES;
				CLANG_WARN_BOOL_CONVERSION = YES;
				CLANG_WARN_CONSTANT_CONVERSION = YES;
				CLANG_WARN_DIRECT_OBJC_ISA_USAGE = YES_ERROR;
				CLANG_WARN_EMPTY_BODY = YES;
				CLANG_WARN_ENUM_CONVERSION = YES;
				CLANG_WARN_INT_CONVERSION = YES;
				CLANG_WARN_OBJC_ROOT_CLASS = YES_ERROR;
				CLANG_WARN_UNREACHABLE_CODE = YES;
				CLANG_WARN__DUPLICATE_METHOD_MATCH = YES;
				"CODE_SIGN_IDENTITY[sdk=iphoneos*]" = "iPhone Developer";
				COPY_PHASE_STRIP = NO;
				ENABLE_STRICT_OBJC_MSGSEND = YES;
				ENABLE_TESTABILITY = YES;
				GCC_C_LANGUAGE_STANDARD = gnu99;
				GCC_DYNAMIC_NO_PIC = NO;
				GCC_OPTIMIZATION_LEVEL = 0;
				GCC_PREPROCESSOR_DEFINITIONS = (
					"DEBUG=1",
					"$(inherited)",
				);
				GCC_SYMBOLS_PRIVATE_EXTERN = NO;
				GCC_WARN_64_TO_32_BIT_CONVERSION = YES;
				GCC_WARN_ABOUT_RETURN_TYPE = YES_ERROR;
				GCC_WARN_UNDECLARED_SELECTOR = YES;
				GCC_WARN_UNINITIALIZED_AUTOS = YES_AGGRESSIVE;
				GCC_WARN_UNUSED_FUNCTION = YES;
				GCC_WARN_UNUSED_VARIABLE = YES;
				IPHONEOS_DEPLOYMENT_TARGET = 9.0;
				MTL_ENABLE_DEBUG_INFO = YES;
				ONLY_ACTIVE_ARCH = YES;
				SDKROOT = iphoneos;
				SWIFT_OPTIMIZATION_LEVEL = "-Onone";
			};
			name = Debug;
		};
		22316DF419BFB422006FD165 /* Release */ = {
			isa = XCBuildConfiguration;
			buildSettings = {
				ALWAYS_SEARCH_USER_PATHS = NO;
				CLANG_CXX_LANGUAGE_STANDARD = "gnu++0x";
				CLANG_CXX_LIBRARY = "libc++";
				CLANG_ENABLE_MODULES = YES;
				CLANG_ENABLE_OBJC_ARC = YES;
				CLANG_WARN_BOOL_CONVERSION = YES;
				CLANG_WARN_CONSTANT_CONVERSION = YES;
				CLANG_WARN_DIRECT_OBJC_ISA_USAGE = YES_ERROR;
				CLANG_WARN_EMPTY_BODY = YES;
				CLANG_WARN_ENUM_CONVERSION = YES;
				CLANG_WARN_INT_CONVERSION = YES;
				CLANG_WARN_OBJC_ROOT_CLASS = YES_ERROR;
				CLANG_WARN_UNREACHABLE_CODE = YES;
				CLANG_WARN__DUPLICATE_METHOD_MATCH = YES;
				"CODE_SIGN_IDENTITY[sdk=iphoneos*]" = "iPhone Developer";
				COPY_PHASE_STRIP = YES;
				ENABLE_NS_ASSERTIONS = NO;
				ENABLE_STRICT_OBJC_MSGSEND = YES;
				GCC_C_LANGUAGE_STANDARD = gnu99;
				GCC_WARN_64_TO_32_BIT_CONVERSION = YES;
				GCC_WARN_ABOUT_RETURN_TYPE = YES_ERROR;
				GCC_WARN_UNDECLARED_SELECTOR = YES;
				GCC_WARN_UNINITIALIZED_AUTOS = YES_AGGRESSIVE;
				GCC_WARN_UNUSED_FUNCTION = YES;
				GCC_WARN_UNUSED_VARIABLE = YES;
				IPHONEOS_DEPLOYMENT_TARGET = 9.0;
				MTL_ENABLE_DEBUG_INFO = NO;
				SDKROOT = iphoneos;
				VALIDATE_PRODUCT = YES;
			};
			name = Release;
		};
		22316DF619BFB422006FD165 /* Debug */ = {
			isa = XCBuildConfiguration;
			baseConfigurationReference = 14FAE4EC73BD4C359734208F /* Pods-nervousnet.debug.xcconfig */;
			buildSettings = {
				ASSETCATALOG_COMPILER_APPICON_NAME = "AppIcon-2";
				ASSETCATALOG_COMPILER_LAUNCHIMAGE_NAME = LaunchImage;
				CLANG_ENABLE_MODULES = YES;
				CODE_SIGN_IDENTITY = "iPhone Developer";
				"CODE_SIGN_IDENTITY[sdk=*]" = "iPhone Developer";
				"CODE_SIGN_IDENTITY[sdk=iphoneos*]" = "iPhone Developer";
				FRAMEWORK_SEARCH_PATHS = (
					"$(inherited)",
					"$(PROJECT_DIR)",
				);
				INFOPLIST_FILE = nervous/Info.plist;
				IPHONEOS_DEPLOYMENT_TARGET = 9.0;
				LD_RUNPATH_SEARCH_PATHS = "$(inherited) @executable_path/Frameworks";
				PRODUCT_BUNDLE_IDENTIFIER = ch.ethz.nervousnet;
				PRODUCT_NAME = nervousnet;
				PROVISIONING_PROFILE = "";
				SWIFT_OPTIMIZATION_LEVEL = "-Onone";
				TARGETED_DEVICE_FAMILY = 1;
			};
			name = Debug;
		};
		22316DF719BFB422006FD165 /* Release */ = {
			isa = XCBuildConfiguration;
			baseConfigurationReference = D973B0B88CF2E1839C305D57 /* Pods-nervousnet.release.xcconfig */;
			buildSettings = {
				ASSETCATALOG_COMPILER_APPICON_NAME = "AppIcon-2";
				ASSETCATALOG_COMPILER_LAUNCHIMAGE_NAME = LaunchImage;
				CLANG_ENABLE_MODULES = YES;
				CODE_SIGN_IDENTITY = "iPhone Developer";
				"CODE_SIGN_IDENTITY[sdk=iphoneos*]" = "iPhone Developer";
				FRAMEWORK_SEARCH_PATHS = (
					"$(inherited)",
					"$(PROJECT_DIR)",
				);
				INFOPLIST_FILE = nervous/Info.plist;
				IPHONEOS_DEPLOYMENT_TARGET = 9.0;
				LD_RUNPATH_SEARCH_PATHS = "$(inherited) @executable_path/Frameworks";
				PRODUCT_BUNDLE_IDENTIFIER = ch.ethz.nervousnet;
				PRODUCT_NAME = nervousnet;
				PROVISIONING_PROFILE = "";
				TARGETED_DEVICE_FAMILY = 1;
			};
			name = Release;
		};
		22316DF919BFB422006FD165 /* Debug */ = {
			isa = XCBuildConfiguration;
			buildSettings = {
				BUNDLE_LOADER = "$(TEST_HOST)";
				FRAMEWORK_SEARCH_PATHS = (
					"$(SDKROOT)/Developer/Library/Frameworks",
					"$(inherited)",
				);
				GCC_PREPROCESSOR_DEFINITIONS = (
					"DEBUG=1",
					"$(inherited)",
				);
				INFOPLIST_FILE = nervousTests/Info.plist;
				LD_RUNPATH_SEARCH_PATHS = "$(inherited) @executable_path/Frameworks @loader_path/Frameworks";
				PRODUCT_BUNDLE_IDENTIFIER = "ch.ethz.$(PRODUCT_NAME:rfc1034identifier)";
				PRODUCT_NAME = nervousnetTests;
				TEST_HOST = "$(BUILT_PRODUCTS_DIR)/nervous.app/nervous";
			};
			name = Debug;
		};
		22316DFA19BFB422006FD165 /* Release */ = {
			isa = XCBuildConfiguration;
			buildSettings = {
				BUNDLE_LOADER = "$(TEST_HOST)";
				FRAMEWORK_SEARCH_PATHS = (
					"$(SDKROOT)/Developer/Library/Frameworks",
					"$(inherited)",
				);
				INFOPLIST_FILE = nervousTests/Info.plist;
				LD_RUNPATH_SEARCH_PATHS = "$(inherited) @executable_path/Frameworks @loader_path/Frameworks";
				PRODUCT_BUNDLE_IDENTIFIER = "ch.ethz.$(PRODUCT_NAME:rfc1034identifier)";
				PRODUCT_NAME = nervousnetTests;
				TEST_HOST = "$(BUILT_PRODUCTS_DIR)/nervous.app/nervous";
			};
			name = Release;
		};
/* End XCBuildConfiguration section */

/* Begin XCConfigurationList section */
		22316DD219BFB422006FD165 /* Build configuration list for PBXProject "nervousnet" */ = {
			isa = XCConfigurationList;
			buildConfigurations = (
				22316DF319BFB422006FD165 /* Debug */,
				22316DF419BFB422006FD165 /* Release */,
			);
			defaultConfigurationIsVisible = 0;
			defaultConfigurationName = Release;
		};
		22316DF519BFB422006FD165 /* Build configuration list for PBXNativeTarget "nervousnet" */ = {
			isa = XCConfigurationList;
			buildConfigurations = (
				22316DF619BFB422006FD165 /* Debug */,
				22316DF719BFB422006FD165 /* Release */,
			);
			defaultConfigurationIsVisible = 0;
			defaultConfigurationName = Release;
		};
		22316DF819BFB422006FD165 /* Build configuration list for PBXNativeTarget "nervousnetTests" */ = {
			isa = XCConfigurationList;
			buildConfigurations = (
				22316DF919BFB422006FD165 /* Debug */,
				22316DFA19BFB422006FD165 /* Release */,
			);
			defaultConfigurationIsVisible = 0;
			defaultConfigurationName = Release;
		};
/* End XCConfigurationList section */

/* Begin XCVersionGroup section */
		221CAF1A1C88C7C8005D1A20 /* MainModel.xcdatamodeld */ = {
			isa = XCVersionGroup;
			children = (
				221CAF1B1C88C7C8005D1A20 /* MainModel.xcdatamodel */,
			);
			currentVersion = 221CAF1B1C88C7C8005D1A20 /* MainModel.xcdatamodel */;
			path = MainModel.xcdatamodeld;
			sourceTree = "<group>";
			versionGroupType = wrapper.xcdatamodel;
		};
/* End XCVersionGroup section */
	};
	rootObject = 22316DCF19BFB422006FD165 /* Project object */;
}
