// !$*UTF8*$!
{
	archiveVersion = 1;
	classes = {
	};
	objectVersion = 46;
	objects = {

/* Begin PBXBuildFile section */
		22316DDD19BFB422006FD165 /* AppDelegate.swift in Sources */ = {isa = PBXBuildFile; fileRef = 22316DDC19BFB422006FD165 /* AppDelegate.swift */; };
		22316DE419BFB422006FD165 /* Main.storyboard in Resources */ = {isa = PBXBuildFile; fileRef = 22316DE219BFB422006FD165 /* Main.storyboard */; };
		22316DF219BFB422006FD165 /* nervousTests.swift in Sources */ = {isa = PBXBuildFile; fileRef = 22316DF119BFB422006FD165 /* nervousTests.swift */; };
		22392F371A044AEA008035FA /* blank.mbtiles in Resources */ = {isa = PBXBuildFile; fileRef = 22392F331A044AEA008035FA /* blank.mbtiles */; };
		22392F381A044AEA008035FA /* cch0.mbtiles in Resources */ = {isa = PBXBuildFile; fileRef = 22392F341A044AEA008035FA /* cch0.mbtiles */; };
		22392F391A044AEA008035FA /* cch2.mbtiles in Resources */ = {isa = PBXBuildFile; fileRef = 22392F351A044AEA008035FA /* cch2.mbtiles */; };
		22392F3A1A044AEA008035FA /* cch1.mbtiles in Resources */ = {isa = PBXBuildFile; fileRef = 22392F361A044AEA008035FA /* cch1.mbtiles */; };
		22392F3E1A0CF421008035FA /* MapDataController.swift in Sources */ = {isa = PBXBuildFile; fileRef = 22392F3D1A0CF421008035FA /* MapDataController.swift */; };
		225830191A2807AF00075C8D /* CreditsViewController.swift in Sources */ = {isa = PBXBuildFile; fileRef = 225830181A2807AF00075C8D /* CreditsViewController.swift */; };
		22653FEF19D6D243004E1AA2 /* SensorDesc.swift in Sources */ = {isa = PBXBuildFile; fileRef = 22653FEE19D6D243004E1AA2 /* SensorDesc.swift */; };
		22653FF119D6D3CF004E1AA2 /* SensorDescBLEBeacon.swift in Sources */ = {isa = PBXBuildFile; fileRef = 22653FF019D6D3CF004E1AA2 /* SensorDescBLEBeacon.swift */; };
		22653FF419D6E044004E1AA2 /* UploadTask.swift in Sources */ = {isa = PBXBuildFile; fileRef = 22653FF319D6E044004E1AA2 /* UploadTask.swift */; };
		22653FF619D6E669004E1AA2 /* BLESensor.swift in Sources */ = {isa = PBXBuildFile; fileRef = 22653FF519D6E669004E1AA2 /* BLESensor.swift */; };
		22653FF919D6FBDB004E1AA2 /* NervousVM.swift in Sources */ = {isa = PBXBuildFile; fileRef = 22653FF819D6FBDB004E1AA2 /* NervousVM.swift */; };
		22653FFB19D70899004E1AA2 /* QuartzCore.framework in Frameworks */ = {isa = PBXBuildFile; fileRef = 22653FFA19D70898004E1AA2 /* QuartzCore.framework */; };
		22B03E5519CE032B00E50D04 /* MapViewController.swift in Sources */ = {isa = PBXBuildFile; fileRef = 22B03E5419CE032B00E50D04 /* MapViewController.swift */; };
		22B03E6019CE102900E50D04 /* SpriteKit.framework in Frameworks */ = {isa = PBXBuildFile; fileRef = 22B03E5F19CE102900E50D04 /* SpriteKit.framework */; };
		22B03E6419D04BB500E50D04 /* CoreLocation.framework in Frameworks */ = {isa = PBXBuildFile; fileRef = 22B03E6319D04BB500E50D04 /* CoreLocation.framework */; };
		22B912E019D76F96006094C6 /* SensorViewController.swift in Sources */ = {isa = PBXBuildFile; fileRef = 22B912DF19D76F96006094C6 /* SensorViewController.swift */; };
		22C5D70819FF87E200CD8D26 /* AbstractMessage.swift in Sources */ = {isa = PBXBuildFile; fileRef = 22C5D6FA19FF87E200CD8D26 /* AbstractMessage.swift */; };
		22C5D70919FF87E200CD8D26 /* CodedInputStream.swift in Sources */ = {isa = PBXBuildFile; fileRef = 22C5D6FB19FF87E200CD8D26 /* CodedInputStream.swift */; };
		22C5D70A19FF87E200CD8D26 /* CodedOutputStream.swift in Sources */ = {isa = PBXBuildFile; fileRef = 22C5D6FC19FF87E200CD8D26 /* CodedOutputStream.swift */; };
		22C5D70B19FF87E200CD8D26 /* ConcreteExtensionField.swift in Sources */ = {isa = PBXBuildFile; fileRef = 22C5D6FD19FF87E200CD8D26 /* ConcreteExtensionField.swift */; };
		22C5D70C19FF87E200CD8D26 /* ExtendableMessage.swift in Sources */ = {isa = PBXBuildFile; fileRef = 22C5D6FE19FF87E200CD8D26 /* ExtendableMessage.swift */; };
		22C5D70D19FF87E200CD8D26 /* ExtendableMessageBuilder.swift in Sources */ = {isa = PBXBuildFile; fileRef = 22C5D6FF19FF87E200CD8D26 /* ExtendableMessageBuilder.swift */; };
		22C5D70E19FF87E200CD8D26 /* ExtensionField.swift in Sources */ = {isa = PBXBuildFile; fileRef = 22C5D70019FF87E200CD8D26 /* ExtensionField.swift */; };
		22C5D70F19FF87E200CD8D26 /* ExtensionRegistry.swift in Sources */ = {isa = PBXBuildFile; fileRef = 22C5D70119FF87E200CD8D26 /* ExtensionRegistry.swift */; };
		22C5D71019FF87E200CD8D26 /* Field.swift in Sources */ = {isa = PBXBuildFile; fileRef = 22C5D70219FF87E200CD8D26 /* Field.swift */; };
		22C5D71119FF87E200CD8D26 /* GeneratedMessage.swift in Sources */ = {isa = PBXBuildFile; fileRef = 22C5D70319FF87E200CD8D26 /* GeneratedMessage.swift */; };
		22C5D71219FF87E200CD8D26 /* RingBuffer.swift in Sources */ = {isa = PBXBuildFile; fileRef = 22C5D70419FF87E200CD8D26 /* RingBuffer.swift */; };
		22C5D71319FF87E200CD8D26 /* UnknownFieldSet.swift in Sources */ = {isa = PBXBuildFile; fileRef = 22C5D70519FF87E200CD8D26 /* UnknownFieldSet.swift */; };
		22C5D71419FF87E200CD8D26 /* UnknownFieldSetBuilder.swift in Sources */ = {isa = PBXBuildFile; fileRef = 22C5D70619FF87E200CD8D26 /* UnknownFieldSetBuilder.swift */; };
		22C5D71519FF87E200CD8D26 /* WireFormat.swift in Sources */ = {isa = PBXBuildFile; fileRef = 22C5D70719FF87E200CD8D26 /* WireFormat.swift */; };
		22C5D71919FFADBA00CD8D26 /* SensorDetailController.swift in Sources */ = {isa = PBXBuildFile; fileRef = 22C5D71819FFADBA00CD8D26 /* SensorDetailController.swift */; };
		22D10CA919D598A1000D6942 /* CFNetwork.framework in Frameworks */ = {isa = PBXBuildFile; fileRef = 22D10CA819D598A1000D6942 /* CFNetwork.framework */; };
		22D2D66D19C0979E00B11C54 /* Sensorupload.pb.swift in Sources */ = {isa = PBXBuildFile; fileRef = 22D2D66C19C0979E00B11C54 /* Sensorupload.pb.swift */; };
		22D2D66F19C097F900B11C54 /* Foundation.framework in Frameworks */ = {isa = PBXBuildFile; fileRef = 22D2D66E19C097F900B11C54 /* Foundation.framework */; };
		22F16C851A1A0E8E00EB97F5 /* Images.xcassets in Resources */ = {isa = PBXBuildFile; fileRef = 22F16C841A1A0E8E00EB97F5 /* Images.xcassets */; };
		22F1A5FB1A10A5E30097B2E4 /* nervous.xcdatamodeld in Sources */ = {isa = PBXBuildFile; fileRef = 22F1A5F91A10A5E30097B2E4 /* nervous.xcdatamodeld */; };
		22F1A6001A10A8260097B2E4 /* MapEdge.swift in Sources */ = {isa = PBXBuildFile; fileRef = 22F1A5FF1A10A8260097B2E4 /* MapEdge.swift */; };
		22F1A6021A10A82E0097B2E4 /* MapNode.swift in Sources */ = {isa = PBXBuildFile; fileRef = 22F1A6011A10A82E0097B2E4 /* MapNode.swift */; };
		22FF8A8719F14AFA00AC6783 /* CoreGraphics.framework in Frameworks */ = {isa = PBXBuildFile; fileRef = 22FF8A8619F14AFA00AC6783 /* CoreGraphics.framework */; };
		22FF8A8D19F14B3A00AC6783 /* UIKit.framework in Frameworks */ = {isa = PBXBuildFile; fileRef = 22FF8A8C19F14B3A00AC6783 /* UIKit.framework */; settings = {ATTRIBUTES = (Required, ); }; };
		24756F2D1B0CD17900D31AA2 /* Query.swift in Sources */ = {isa = PBXBuildFile; fileRef = 24756F2C1B0CD17900D31AA2 /* Query.swift */; };
		24756F2F1B0CD4A000D31AA2 /* QueryText.swift in Sources */ = {isa = PBXBuildFile; fileRef = 24756F2E1B0CD4A000D31AA2 /* QueryText.swift */; };
		24756F311B0CD4E500D31AA2 /* QueryNum.swift in Sources */ = {isa = PBXBuildFile; fileRef = 24756F301B0CD4E500D31AA2 /* QueryNum.swift */; };
		24E4FFC51B022522002AED24 /* SensorDescAccelerometer.swift in Sources */ = {isa = PBXBuildFile; fileRef = 24E4FFC41B022522002AED24 /* SensorDescAccelerometer.swift */; };
		311E82701A001D8500C176FE /* FilterButtonView.swift in Sources */ = {isa = PBXBuildFile; fileRef = 311E826F1A001D8500C176FE /* FilterButtonView.swift */; };
		E173CD681B0387E200E56ED2 /* SensorDescGyroscope.swift in Sources */ = {isa = PBXBuildFile; fileRef = E173CD671B0387E200E56ED2 /* SensorDescGyroscope.swift */; };
		E1B95CF81B04E1D0004A5E20 /* SensorDescVectorValue.swift in Sources */ = {isa = PBXBuildFile; fileRef = E1B95CF71B04E1D0004A5E20 /* SensorDescVectorValue.swift */; };
		E1F923CA1B0612B40020CEEA /* SensorDescSingleValue.swift in Sources */ = {isa = PBXBuildFile; fileRef = E1F923C91B0612B40020CEEA /* SensorDescSingleValue.swift */; };
		E1F923CC1B0615F90020CEEA /* SensorDescMagnetic.swift in Sources */ = {isa = PBXBuildFile; fileRef = E1F923CB1B0615F90020CEEA /* SensorDescMagnetic.swift */; };
		E1F923CE1B0635470020CEEA /* SensorDescProximity.swift in Sources */ = {isa = PBXBuildFile; fileRef = E1F923CD1B0635470020CEEA /* SensorDescProximity.swift */; };
		F8C5EA35C0D248558EACC2AE /* libPods.a in Frameworks */ = {isa = PBXBuildFile; fileRef = C3E28EDAC66246A39191CAA9 /* libPods.a */; };
		FC1346AD1AD5D04000D9998C /* SQLiteDB.swift in Sources */ = {isa = PBXBuildFile; fileRef = FC1346AB1AD5D04000D9998C /* SQLiteDB.swift */; };
		FC1346AE1AD5D04000D9998C /* String-Extras.swift in Sources */ = {isa = PBXBuildFile; fileRef = FC1346AC1AD5D04000D9998C /* String-Extras.swift */; };
		FC1346B21AD5D09500D9998C /* libsqlite3.0.dylib in Frameworks */ = {isa = PBXBuildFile; fileRef = FC1346B11AD5D09500D9998C /* libsqlite3.0.dylib */; };
		FC1346B71AD5E99C00D9998C /* SQLiteSensorsDB.swift in Sources */ = {isa = PBXBuildFile; fileRef = FC1346B61AD5E99C00D9998C /* SQLiteSensorsDB.swift */; };
		FC1346B91AD5EC0400D9998C /* SensorsDB.swift in Sources */ = {isa = PBXBuildFile; fileRef = FC1346B81AD5EC0400D9998C /* SensorsDB.swift */; };
		FC9285AC1B026DCE00160A69 /* SensorDescBattery.swift in Sources */ = {isa = PBXBuildFile; fileRef = FC9285AB1B026DCE00160A69 /* SensorDescBattery.swift */; };
/* End PBXBuildFile section */

/* Begin PBXContainerItemProxy section */
		22316DEC19BFB422006FD165 /* PBXContainerItemProxy */ = {
			isa = PBXContainerItemProxy;
			containerPortal = 22316DCF19BFB422006FD165 /* Project object */;
			proxyType = 1;
			remoteGlobalIDString = 22316DD619BFB422006FD165;
			remoteInfo = nervous;
		};
/* End PBXContainerItemProxy section */

/* Begin PBXFileReference section */
		22316DD719BFB422006FD165 /* nervous.app */ = {isa = PBXFileReference; explicitFileType = wrapper.application; includeInIndex = 0; path = nervous.app; sourceTree = BUILT_PRODUCTS_DIR; };
		22316DDB19BFB422006FD165 /* Info.plist */ = {isa = PBXFileReference; lastKnownFileType = text.plist.xml; path = Info.plist; sourceTree = "<group>"; };
		22316DDC19BFB422006FD165 /* AppDelegate.swift */ = {isa = PBXFileReference; lastKnownFileType = sourcecode.swift; path = AppDelegate.swift; sourceTree = "<group>"; };
		22316DE319BFB422006FD165 /* Base */ = {isa = PBXFileReference; lastKnownFileType = file.storyboard; name = Base; path = Base.lproj/Main.storyboard; sourceTree = "<group>"; };
		22316DEB19BFB422006FD165 /* nervousnetTests.xctest */ = {isa = PBXFileReference; explicitFileType = wrapper.cfbundle; includeInIndex = 0; path = nervousnetTests.xctest; sourceTree = BUILT_PRODUCTS_DIR; };
		22316DF019BFB422006FD165 /* Info.plist */ = {isa = PBXFileReference; lastKnownFileType = text.plist.xml; path = Info.plist; sourceTree = "<group>"; };
		22316DF119BFB422006FD165 /* nervousTests.swift */ = {isa = PBXFileReference; lastKnownFileType = sourcecode.swift; path = nervousTests.swift; sourceTree = "<group>"; };
		22392F331A044AEA008035FA /* blank.mbtiles */ = {isa = PBXFileReference; lastKnownFileType = file; name = blank.mbtiles; path = maps/blank.mbtiles; sourceTree = "<group>"; };
		22392F341A044AEA008035FA /* cch0.mbtiles */ = {isa = PBXFileReference; lastKnownFileType = file; name = cch0.mbtiles; path = maps/cch0.mbtiles; sourceTree = "<group>"; };
		22392F351A044AEA008035FA /* cch2.mbtiles */ = {isa = PBXFileReference; lastKnownFileType = file; name = cch2.mbtiles; path = maps/cch2.mbtiles; sourceTree = "<group>"; };
		22392F361A044AEA008035FA /* cch1.mbtiles */ = {isa = PBXFileReference; lastKnownFileType = file; name = cch1.mbtiles; path = maps/cch1.mbtiles; sourceTree = "<group>"; };
		22392F3D1A0CF421008035FA /* MapDataController.swift */ = {isa = PBXFileReference; fileEncoding = 4; lastKnownFileType = sourcecode.swift; path = MapDataController.swift; sourceTree = "<group>"; };
		225830181A2807AF00075C8D /* CreditsViewController.swift */ = {isa = PBXFileReference; fileEncoding = 4; lastKnownFileType = sourcecode.swift; path = CreditsViewController.swift; sourceTree = "<group>"; };
		22653FEE19D6D243004E1AA2 /* SensorDesc.swift */ = {isa = PBXFileReference; fileEncoding = 4; lastKnownFileType = sourcecode.swift; path = SensorDesc.swift; sourceTree = "<group>"; };
		22653FF019D6D3CF004E1AA2 /* SensorDescBLEBeacon.swift */ = {isa = PBXFileReference; fileEncoding = 4; lastKnownFileType = sourcecode.swift; path = SensorDescBLEBeacon.swift; sourceTree = "<group>"; };
		22653FF319D6E044004E1AA2 /* UploadTask.swift */ = {isa = PBXFileReference; fileEncoding = 4; lastKnownFileType = sourcecode.swift; path = UploadTask.swift; sourceTree = "<group>"; };
		22653FF519D6E669004E1AA2 /* BLESensor.swift */ = {isa = PBXFileReference; fileEncoding = 4; lastKnownFileType = sourcecode.swift; path = BLESensor.swift; sourceTree = "<group>"; };
		22653FF819D6FBDB004E1AA2 /* NervousVM.swift */ = {isa = PBXFileReference; fileEncoding = 4; lastKnownFileType = sourcecode.swift; path = NervousVM.swift; sourceTree = "<group>"; };
		22653FFA19D70898004E1AA2 /* QuartzCore.framework */ = {isa = PBXFileReference; lastKnownFileType = wrapper.framework; name = QuartzCore.framework; path = System/Library/Frameworks/QuartzCore.framework; sourceTree = SDKROOT; };
		2274F01F19FF85DD004FFAA6 /* libPods-ProtocolBuffers.a */ = {isa = PBXFileReference; lastKnownFileType = archive.ar; name = "libPods-ProtocolBuffers.a"; path = "Pods/build/Debug-iphoneos/libPods-ProtocolBuffers.a"; sourceTree = "<group>"; };
		22B03E5419CE032B00E50D04 /* MapViewController.swift */ = {isa = PBXFileReference; fileEncoding = 4; lastKnownFileType = sourcecode.swift; path = MapViewController.swift; sourceTree = "<group>"; };
		22B03E5F19CE102900E50D04 /* SpriteKit.framework */ = {isa = PBXFileReference; lastKnownFileType = wrapper.framework; name = SpriteKit.framework; path = System/Library/Frameworks/SpriteKit.framework; sourceTree = SDKROOT; };
		22B03E6319D04BB500E50D04 /* CoreLocation.framework */ = {isa = PBXFileReference; lastKnownFileType = wrapper.framework; name = CoreLocation.framework; path = System/Library/Frameworks/CoreLocation.framework; sourceTree = SDKROOT; };
		22B912DF19D76F96006094C6 /* SensorViewController.swift */ = {isa = PBXFileReference; fileEncoding = 4; lastKnownFileType = sourcecode.swift; path = SensorViewController.swift; sourceTree = "<group>"; };
		22C5D6F719FF868E00CD8D26 /* libPods-ProtocolBuffers.a */ = {isa = PBXFileReference; lastKnownFileType = archive.ar; name = "libPods-ProtocolBuffers.a"; path = "Pods/build/Debug-iphoneos/libPods-ProtocolBuffers.a"; sourceTree = "<group>"; };
		22C5D6FA19FF87E200CD8D26 /* AbstractMessage.swift */ = {isa = PBXFileReference; fileEncoding = 4; lastKnownFileType = sourcecode.swift; path = AbstractMessage.swift; sourceTree = "<group>"; };
		22C5D6FB19FF87E200CD8D26 /* CodedInputStream.swift */ = {isa = PBXFileReference; fileEncoding = 4; lastKnownFileType = sourcecode.swift; path = CodedInputStream.swift; sourceTree = "<group>"; };
		22C5D6FC19FF87E200CD8D26 /* CodedOutputStream.swift */ = {isa = PBXFileReference; fileEncoding = 4; lastKnownFileType = sourcecode.swift; path = CodedOutputStream.swift; sourceTree = "<group>"; };
		22C5D6FD19FF87E200CD8D26 /* ConcreteExtensionField.swift */ = {isa = PBXFileReference; fileEncoding = 4; lastKnownFileType = sourcecode.swift; path = ConcreteExtensionField.swift; sourceTree = "<group>"; };
		22C5D6FE19FF87E200CD8D26 /* ExtendableMessage.swift */ = {isa = PBXFileReference; fileEncoding = 4; lastKnownFileType = sourcecode.swift; path = ExtendableMessage.swift; sourceTree = "<group>"; };
		22C5D6FF19FF87E200CD8D26 /* ExtendableMessageBuilder.swift */ = {isa = PBXFileReference; fileEncoding = 4; lastKnownFileType = sourcecode.swift; path = ExtendableMessageBuilder.swift; sourceTree = "<group>"; };
		22C5D70019FF87E200CD8D26 /* ExtensionField.swift */ = {isa = PBXFileReference; fileEncoding = 4; lastKnownFileType = sourcecode.swift; path = ExtensionField.swift; sourceTree = "<group>"; };
		22C5D70119FF87E200CD8D26 /* ExtensionRegistry.swift */ = {isa = PBXFileReference; fileEncoding = 4; lastKnownFileType = sourcecode.swift; path = ExtensionRegistry.swift; sourceTree = "<group>"; };
		22C5D70219FF87E200CD8D26 /* Field.swift */ = {isa = PBXFileReference; fileEncoding = 4; lastKnownFileType = sourcecode.swift; path = Field.swift; sourceTree = "<group>"; };
		22C5D70319FF87E200CD8D26 /* GeneratedMessage.swift */ = {isa = PBXFileReference; fileEncoding = 4; lastKnownFileType = sourcecode.swift; path = GeneratedMessage.swift; sourceTree = "<group>"; };
		22C5D70419FF87E200CD8D26 /* RingBuffer.swift */ = {isa = PBXFileReference; fileEncoding = 4; lastKnownFileType = sourcecode.swift; path = RingBuffer.swift; sourceTree = "<group>"; };
		22C5D70519FF87E200CD8D26 /* UnknownFieldSet.swift */ = {isa = PBXFileReference; fileEncoding = 4; lastKnownFileType = sourcecode.swift; path = UnknownFieldSet.swift; sourceTree = "<group>"; };
		22C5D70619FF87E200CD8D26 /* UnknownFieldSetBuilder.swift */ = {isa = PBXFileReference; fileEncoding = 4; lastKnownFileType = sourcecode.swift; path = UnknownFieldSetBuilder.swift; sourceTree = "<group>"; };
		22C5D70719FF87E200CD8D26 /* WireFormat.swift */ = {isa = PBXFileReference; fileEncoding = 4; lastKnownFileType = sourcecode.swift; path = WireFormat.swift; sourceTree = "<group>"; };
		22C5D71819FFADBA00CD8D26 /* SensorDetailController.swift */ = {isa = PBXFileReference; fileEncoding = 4; lastKnownFileType = sourcecode.swift; path = SensorDetailController.swift; sourceTree = "<group>"; };
		22D10CA819D598A1000D6942 /* CFNetwork.framework */ = {isa = PBXFileReference; lastKnownFileType = wrapper.framework; name = CFNetwork.framework; path = System/Library/Frameworks/CFNetwork.framework; sourceTree = SDKROOT; };
		22D2D66C19C0979E00B11C54 /* Sensorupload.pb.swift */ = {isa = PBXFileReference; fileEncoding = 4; lastKnownFileType = sourcecode.swift; path = Sensorupload.pb.swift; sourceTree = "<group>"; };
		22D2D66E19C097F900B11C54 /* Foundation.framework */ = {isa = PBXFileReference; lastKnownFileType = wrapper.framework; name = Foundation.framework; path = System/Library/Frameworks/Foundation.framework; sourceTree = SDKROOT; };
		22E0A19719F15A0A001D4548 /* -Bridging-Header.h */ = {isa = PBXFileReference; fileEncoding = 4; lastKnownFileType = sourcecode.c.h; path = "-Bridging-Header.h"; sourceTree = "<group>"; };
		22F16C841A1A0E8E00EB97F5 /* Images.xcassets */ = {isa = PBXFileReference; lastKnownFileType = folder.assetcatalog; path = Images.xcassets; sourceTree = "<group>"; };
		22F1A5FA1A10A5E30097B2E4 /* nervous.xcdatamodel */ = {isa = PBXFileReference; lastKnownFileType = wrapper.xcdatamodel; path = nervous.xcdatamodel; sourceTree = "<group>"; };
		22F1A5FF1A10A8260097B2E4 /* MapEdge.swift */ = {isa = PBXFileReference; fileEncoding = 4; lastKnownFileType = sourcecode.swift; path = MapEdge.swift; sourceTree = "<group>"; };
		22F1A6011A10A82E0097B2E4 /* MapNode.swift */ = {isa = PBXFileReference; fileEncoding = 4; lastKnownFileType = sourcecode.swift; path = MapNode.swift; sourceTree = "<group>"; };
		22FF8A8619F14AFA00AC6783 /* CoreGraphics.framework */ = {isa = PBXFileReference; lastKnownFileType = wrapper.framework; name = CoreGraphics.framework; path = System/Library/Frameworks/CoreGraphics.framework; sourceTree = SDKROOT; };
		22FF8A8C19F14B3A00AC6783 /* UIKit.framework */ = {isa = PBXFileReference; lastKnownFileType = wrapper.framework; name = UIKit.framework; path = System/Library/Frameworks/UIKit.framework; sourceTree = SDKROOT; };
		24756F2C1B0CD17900D31AA2 /* Query.swift */ = {isa = PBXFileReference; fileEncoding = 4; lastKnownFileType = sourcecode.swift; path = Query.swift; sourceTree = "<group>"; };
		24756F2E1B0CD4A000D31AA2 /* QueryText.swift */ = {isa = PBXFileReference; fileEncoding = 4; lastKnownFileType = sourcecode.swift; path = QueryText.swift; sourceTree = "<group>"; };
		24756F301B0CD4E500D31AA2 /* QueryNum.swift */ = {isa = PBXFileReference; fileEncoding = 4; lastKnownFileType = sourcecode.swift; path = QueryNum.swift; sourceTree = "<group>"; };
		24E4FFC41B022522002AED24 /* SensorDescAccelerometer.swift */ = {isa = PBXFileReference; fileEncoding = 4; lastKnownFileType = sourcecode.swift; path = SensorDescAccelerometer.swift; sourceTree = "<group>"; };
		311E826F1A001D8500C176FE /* FilterButtonView.swift */ = {isa = PBXFileReference; fileEncoding = 4; lastKnownFileType = sourcecode.swift; path = FilterButtonView.swift; sourceTree = "<group>"; };
		945DC94D19FB201D0BBE095C /* Pods.debug.xcconfig */ = {isa = PBXFileReference; includeInIndex = 1; lastKnownFileType = text.xcconfig; name = Pods.debug.xcconfig; path = "Pods/Target Support Files/Pods/Pods.debug.xcconfig"; sourceTree = "<group>"; };
		AC5F25183B95B2D3730BA466 /* Pods.release.xcconfig */ = {isa = PBXFileReference; includeInIndex = 1; lastKnownFileType = text.xcconfig; name = Pods.release.xcconfig; path = "Pods/Target Support Files/Pods/Pods.release.xcconfig"; sourceTree = "<group>"; };
		C3E28EDAC66246A39191CAA9 /* libPods.a */ = {isa = PBXFileReference; explicitFileType = archive.ar; includeInIndex = 0; path = libPods.a; sourceTree = BUILT_PRODUCTS_DIR; };
		E173CD671B0387E200E56ED2 /* SensorDescGyroscope.swift */ = {isa = PBXFileReference; fileEncoding = 4; lastKnownFileType = sourcecode.swift; path = SensorDescGyroscope.swift; sourceTree = "<group>"; };
		E1B95CF71B04E1D0004A5E20 /* SensorDescVectorValue.swift */ = {isa = PBXFileReference; fileEncoding = 4; lastKnownFileType = sourcecode.swift; path = SensorDescVectorValue.swift; sourceTree = "<group>"; };
		E1F923C91B0612B40020CEEA /* SensorDescSingleValue.swift */ = {isa = PBXFileReference; fileEncoding = 4; lastKnownFileType = sourcecode.swift; path = SensorDescSingleValue.swift; sourceTree = "<group>"; };
		E1F923CB1B0615F90020CEEA /* SensorDescMagnetic.swift */ = {isa = PBXFileReference; fileEncoding = 4; lastKnownFileType = sourcecode.swift; path = SensorDescMagnetic.swift; sourceTree = "<group>"; };
		E1F923CD1B0635470020CEEA /* SensorDescProximity.swift */ = {isa = PBXFileReference; fileEncoding = 4; lastKnownFileType = sourcecode.swift; path = SensorDescProximity.swift; sourceTree = "<group>"; };
		FC1346AB1AD5D04000D9998C /* SQLiteDB.swift */ = {isa = PBXFileReference; fileEncoding = 4; lastKnownFileType = sourcecode.swift; path = SQLiteDB.swift; sourceTree = "<group>"; };
		FC1346AC1AD5D04000D9998C /* String-Extras.swift */ = {isa = PBXFileReference; fileEncoding = 4; lastKnownFileType = sourcecode.swift; path = "String-Extras.swift"; sourceTree = "<group>"; };
		FC1346AF1AD5D08B00D9998C /* libsqlite3.dylib */ = {isa = PBXFileReference; lastKnownFileType = "compiled.mach-o.dylib"; name = libsqlite3.dylib; path = usr/lib/libsqlite3.dylib; sourceTree = SDKROOT; };
		FC1346B11AD5D09500D9998C /* libsqlite3.0.dylib */ = {isa = PBXFileReference; lastKnownFileType = "compiled.mach-o.dylib"; name = libsqlite3.0.dylib; path = usr/lib/libsqlite3.0.dylib; sourceTree = SDKROOT; };
		FC1346B61AD5E99C00D9998C /* SQLiteSensorsDB.swift */ = {isa = PBXFileReference; fileEncoding = 4; lastKnownFileType = sourcecode.swift; path = SQLiteSensorsDB.swift; sourceTree = "<group>"; };
		FC1346B81AD5EC0400D9998C /* SensorsDB.swift */ = {isa = PBXFileReference; fileEncoding = 4; lastKnownFileType = sourcecode.swift; path = SensorsDB.swift; sourceTree = "<group>"; };
		FC9285AB1B026DCE00160A69 /* SensorDescBattery.swift */ = {isa = PBXFileReference; fileEncoding = 4; lastKnownFileType = sourcecode.swift; path = SensorDescBattery.swift; sourceTree = "<group>"; };
/* End PBXFileReference section */

/* Begin PBXFrameworksBuildPhase section */
		22316DD419BFB422006FD165 /* Frameworks */ = {
			isa = PBXFrameworksBuildPhase;
			buildActionMask = 2147483647;
			files = (
				FC1346B21AD5D09500D9998C /* libsqlite3.0.dylib in Frameworks */,
				22FF8A8719F14AFA00AC6783 /* CoreGraphics.framework in Frameworks */,
				22653FFB19D70899004E1AA2 /* QuartzCore.framework in Frameworks */,
				22D10CA919D598A1000D6942 /* CFNetwork.framework in Frameworks */,
				22B03E6419D04BB500E50D04 /* CoreLocation.framework in Frameworks */,
				22B03E6019CE102900E50D04 /* SpriteKit.framework in Frameworks */,
				22D2D66F19C097F900B11C54 /* Foundation.framework in Frameworks */,
				22FF8A8D19F14B3A00AC6783 /* UIKit.framework in Frameworks */,
				F8C5EA35C0D248558EACC2AE /* libPods.a in Frameworks */,
			);
			runOnlyForDeploymentPostprocessing = 0;
		};
		22316DE819BFB422006FD165 /* Frameworks */ = {
			isa = PBXFrameworksBuildPhase;
			buildActionMask = 2147483647;
			files = (
			);
			runOnlyForDeploymentPostprocessing = 0;
		};
/* End PBXFrameworksBuildPhase section */

/* Begin PBXGroup section */
		22316DCE19BFB422006FD165 = {
			isa = PBXGroup;
			children = (
				22F16C841A1A0E8E00EB97F5 /* Images.xcassets */,
				22C5D6F919FF87E200CD8D26 /* runtime-pb-swift */,
				22316DD919BFB422006FD165 /* nervous */,
				22316DEE19BFB422006FD165 /* nervousTests */,
				22316DD819BFB422006FD165 /* Products */,
				22FF8A8519F14ACB00AC6783 /* Frameworks */,
				B3B1CCDDCF45FD9E38CABAA7 /* Pods */,
			);
			sourceTree = "<group>";
		};
		22316DD819BFB422006FD165 /* Products */ = {
			isa = PBXGroup;
			children = (
				22316DD719BFB422006FD165 /* nervous.app */,
				22316DEB19BFB422006FD165 /* nervousnetTests.xctest */,
			);
			name = Products;
			sourceTree = "<group>";
		};
		22316DD919BFB422006FD165 /* nervous */ = {
			isa = PBXGroup;
			children = (
				24756F2B1B0CD15600D31AA2 /* SensorQueries */,
				24756F2A1B0CD14D00D31AA2 /* Queries */,
				FC1346B51AD5E90A00D9998C /* db */,
				22E0A19719F15A0A001D4548 /* -Bridging-Header.h */,
				22316DDA19BFB422006FD165 /* Supporting Files */,
				22B03E5819CE0D6700E50D04 /* images */,
				22D2D66C19C0979E00B11C54 /* Sensorupload.pb.swift */,
				22316DDC19BFB422006FD165 /* AppDelegate.swift */,
				22316DE219BFB422006FD165 /* Main.storyboard */,
				22B912DF19D76F96006094C6 /* SensorViewController.swift */,
				22B03E5419CE032B00E50D04 /* MapViewController.swift */,
				22392F3D1A0CF421008035FA /* MapDataController.swift */,
				311E826F1A001D8500C176FE /* FilterButtonView.swift */,
				22C5D71819FFADBA00CD8D26 /* SensorDetailController.swift */,
				22653FF719D6FBB1004E1AA2 /* vm */,
				22653FF219D6D3DB004E1AA2 /* sensors */,
				22653FF319D6E044004E1AA2 /* UploadTask.swift */,
				22F1A5FC1A10A7E70097B2E4 /* mapdb */,
				22E0A19A19F15DF2001D4548 /* maps */,
				225830181A2807AF00075C8D /* CreditsViewController.swift */,
			);
			path = nervous;
			sourceTree = "<group>";
		};
		22316DDA19BFB422006FD165 /* Supporting Files */ = {
			isa = PBXGroup;
			children = (
				22316DDB19BFB422006FD165 /* Info.plist */,
			);
			name = "Supporting Files";
			sourceTree = "<group>";
		};
		22316DEE19BFB422006FD165 /* nervousTests */ = {
			isa = PBXGroup;
			children = (
				22316DF119BFB422006FD165 /* nervousTests.swift */,
				22316DEF19BFB422006FD165 /* Supporting Files */,
			);
			path = nervousTests;
			sourceTree = "<group>";
		};
		22316DEF19BFB422006FD165 /* Supporting Files */ = {
			isa = PBXGroup;
			children = (
				22316DF019BFB422006FD165 /* Info.plist */,
			);
			name = "Supporting Files";
			sourceTree = "<group>";
		};
		22653FF219D6D3DB004E1AA2 /* sensors */ = {
			isa = PBXGroup;
			children = (
				FC9285AB1B026DCE00160A69 /* SensorDescBattery.swift */,
				E1F923CD1B0635470020CEEA /* SensorDescProximity.swift */,
				22653FEE19D6D243004E1AA2 /* SensorDesc.swift */,
				22653FF019D6D3CF004E1AA2 /* SensorDescBLEBeacon.swift */,
				E173CD671B0387E200E56ED2 /* SensorDescGyroscope.swift */,
				E1B95CF71B04E1D0004A5E20 /* SensorDescVectorValue.swift */,
				E1F923C91B0612B40020CEEA /* SensorDescSingleValue.swift */,
				22653FF519D6E669004E1AA2 /* BLESensor.swift */,
				24E4FFC41B022522002AED24 /* SensorDescAccelerometer.swift */,
				E1F923CB1B0615F90020CEEA /* SensorDescMagnetic.swift */,
			);
			name = sensors;
			sourceTree = "<group>";
		};
		22653FF719D6FBB1004E1AA2 /* vm */ = {
			isa = PBXGroup;
			children = (
				22653FF819D6FBDB004E1AA2 /* NervousVM.swift */,
			);
			name = vm;
			sourceTree = "<group>";
		};
		22B03E5819CE0D6700E50D04 /* images */ = {
			isa = PBXGroup;
			children = (
			);
			path = images;
			sourceTree = "<group>";
		};
		22C5D6F919FF87E200CD8D26 /* runtime-pb-swift */ = {
			isa = PBXGroup;
			children = (
				22C5D6FA19FF87E200CD8D26 /* AbstractMessage.swift */,
				22C5D6FB19FF87E200CD8D26 /* CodedInputStream.swift */,
				22C5D6FC19FF87E200CD8D26 /* CodedOutputStream.swift */,
				22C5D6FD19FF87E200CD8D26 /* ConcreteExtensionField.swift */,
				22C5D6FE19FF87E200CD8D26 /* ExtendableMessage.swift */,
				22C5D6FF19FF87E200CD8D26 /* ExtendableMessageBuilder.swift */,
				22C5D70019FF87E200CD8D26 /* ExtensionField.swift */,
				22C5D70119FF87E200CD8D26 /* ExtensionRegistry.swift */,
				22C5D70219FF87E200CD8D26 /* Field.swift */,
				22C5D70319FF87E200CD8D26 /* GeneratedMessage.swift */,
				22C5D70419FF87E200CD8D26 /* RingBuffer.swift */,
				22C5D70519FF87E200CD8D26 /* UnknownFieldSet.swift */,
				22C5D70619FF87E200CD8D26 /* UnknownFieldSetBuilder.swift */,
				22C5D70719FF87E200CD8D26 /* WireFormat.swift */,
			);
			path = "runtime-pb-swift";
			sourceTree = "<group>";
		};
		22E0A19A19F15DF2001D4548 /* maps */ = {
			isa = PBXGroup;
			children = (
				22392F331A044AEA008035FA /* blank.mbtiles */,
				22392F341A044AEA008035FA /* cch0.mbtiles */,
				22392F351A044AEA008035FA /* cch2.mbtiles */,
				22392F361A044AEA008035FA /* cch1.mbtiles */,
			);
			name = maps;
			sourceTree = "<group>";
		};
		22F1A5FC1A10A7E70097B2E4 /* mapdb */ = {
			isa = PBXGroup;
			children = (
				22F1A5F91A10A5E30097B2E4 /* nervous.xcdatamodeld */,
				22F1A5FF1A10A8260097B2E4 /* MapEdge.swift */,
				22F1A6011A10A82E0097B2E4 /* MapNode.swift */,
			);
			name = mapdb;
			sourceTree = "<group>";
		};
		22FF8A8519F14ACB00AC6783 /* Frameworks */ = {
			isa = PBXGroup;
			children = (
				FC1346B11AD5D09500D9998C /* libsqlite3.0.dylib */,
				FC1346AF1AD5D08B00D9998C /* libsqlite3.dylib */,
				22C5D6F719FF868E00CD8D26 /* libPods-ProtocolBuffers.a */,
				2274F01F19FF85DD004FFAA6 /* libPods-ProtocolBuffers.a */,
				22FF8A8C19F14B3A00AC6783 /* UIKit.framework */,
				22FF8A8619F14AFA00AC6783 /* CoreGraphics.framework */,
				22653FFA19D70898004E1AA2 /* QuartzCore.framework */,
				22D10CA819D598A1000D6942 /* CFNetwork.framework */,
				22B03E6319D04BB500E50D04 /* CoreLocation.framework */,
				22B03E5F19CE102900E50D04 /* SpriteKit.framework */,
				22D2D66E19C097F900B11C54 /* Foundation.framework */,
				C3E28EDAC66246A39191CAA9 /* libPods.a */,
			);
			name = Frameworks;
			sourceTree = "<group>";
		};
		24756F2A1B0CD14D00D31AA2 /* Queries */ = {
			isa = PBXGroup;
			children = (
				24756F2C1B0CD17900D31AA2 /* Query.swift */,
				24756F2E1B0CD4A000D31AA2 /* QueryText.swift */,
				24756F301B0CD4E500D31AA2 /* QueryNum.swift */,
			);
			name = Queries;
			sourceTree = "<group>";
		};
		24756F2B1B0CD15600D31AA2 /* SensorQueries */ = {
			isa = PBXGroup;
			children = (
			);
			name = SensorQueries;
			sourceTree = "<group>";
		};
		B3B1CCDDCF45FD9E38CABAA7 /* Pods */ = {
			isa = PBXGroup;
			children = (
				945DC94D19FB201D0BBE095C /* Pods.debug.xcconfig */,
				AC5F25183B95B2D3730BA466 /* Pods.release.xcconfig */,
			);
			name = Pods;
			sourceTree = "<group>";
		};
		FC1346B51AD5E90A00D9998C /* db */ = {
			isa = PBXGroup;
			children = (
				FC1346AB1AD5D04000D9998C /* SQLiteDB.swift */,
				FC1346AC1AD5D04000D9998C /* String-Extras.swift */,
				FC1346B61AD5E99C00D9998C /* SQLiteSensorsDB.swift */,
				FC1346B81AD5EC0400D9998C /* SensorsDB.swift */,
			);
			name = db;
			sourceTree = "<group>";
		};
/* End PBXGroup section */

/* Begin PBXNativeTarget section */
		22316DD619BFB422006FD165 /* nervousnet */ = {
			isa = PBXNativeTarget;
			buildConfigurationList = 22316DF519BFB422006FD165 /* Build configuration list for PBXNativeTarget "nervousnet" */;
			buildPhases = (
				02BA741033E14D45AEAB5DA9 /* Check Pods Manifest.lock */,
				22316DD319BFB422006FD165 /* Sources */,
				22316DD419BFB422006FD165 /* Frameworks */,
				22316DD519BFB422006FD165 /* Resources */,
				5A152F32C84D465795199FAE /* Copy Pods Resources */,
			);
			buildRules = (
			);
			dependencies = (
			);
			name = nervousnet;
			productName = nervous;
			productReference = 22316DD719BFB422006FD165 /* nervous.app */;
			productType = "com.apple.product-type.application";
		};
		22316DEA19BFB422006FD165 /* nervousnetTests */ = {
			isa = PBXNativeTarget;
			buildConfigurationList = 22316DF819BFB422006FD165 /* Build configuration list for PBXNativeTarget "nervousnetTests" */;
			buildPhases = (
				22316DE719BFB422006FD165 /* Sources */,
				22316DE819BFB422006FD165 /* Frameworks */,
				22316DE919BFB422006FD165 /* Resources */,
			);
			buildRules = (
			);
			dependencies = (
				22316DED19BFB422006FD165 /* PBXTargetDependency */,
			);
			name = nervousnetTests;
			productName = nervousTests;
			productReference = 22316DEB19BFB422006FD165 /* nervousnetTests.xctest */;
			productType = "com.apple.product-type.bundle.unit-test";
		};
/* End PBXNativeTarget section */

/* Begin PBXProject section */
		22316DCF19BFB422006FD165 /* Project object */ = {
			isa = PBXProject;
			attributes = {
				LastUpgradeCheck = 0600;
				ORGANIZATIONNAME = ethz;
				TargetAttributes = {
					22316DD619BFB422006FD165 = {
						CreatedOnToolsVersion = 6.0;
						DevelopmentTeam = YLA29NJ7FG;
					};
					22316DEA19BFB422006FD165 = {
						CreatedOnToolsVersion = 6.0;
						TestTargetID = 22316DD619BFB422006FD165;
					};
				};
			};
			buildConfigurationList = 22316DD219BFB422006FD165 /* Build configuration list for PBXProject "nervousnet" */;
			compatibilityVersion = "Xcode 3.2";
			developmentRegion = English;
			hasScannedForEncodings = 0;
			knownRegions = (
				en,
				Base,
			);
			mainGroup = 22316DCE19BFB422006FD165;
			productRefGroup = 22316DD819BFB422006FD165 /* Products */;
			projectDirPath = "";
			projectRoot = "";
			targets = (
				22316DD619BFB422006FD165 /* nervousnet */,
				22316DEA19BFB422006FD165 /* nervousnetTests */,
			);
		};
/* End PBXProject section */

/* Begin PBXResourcesBuildPhase section */
		22316DD519BFB422006FD165 /* Resources */ = {
			isa = PBXResourcesBuildPhase;
			buildActionMask = 2147483647;
			files = (
				22392F381A044AEA008035FA /* cch0.mbtiles in Resources */,
				22316DE419BFB422006FD165 /* Main.storyboard in Resources */,
				22392F391A044AEA008035FA /* cch2.mbtiles in Resources */,
				22F16C851A1A0E8E00EB97F5 /* Images.xcassets in Resources */,
				22392F371A044AEA008035FA /* blank.mbtiles in Resources */,
				22392F3A1A044AEA008035FA /* cch1.mbtiles in Resources */,
			);
			runOnlyForDeploymentPostprocessing = 0;
		};
		22316DE919BFB422006FD165 /* Resources */ = {
			isa = PBXResourcesBuildPhase;
			buildActionMask = 2147483647;
			files = (
			);
			runOnlyForDeploymentPostprocessing = 0;
		};
/* End PBXResourcesBuildPhase section */

/* Begin PBXShellScriptBuildPhase section */
		02BA741033E14D45AEAB5DA9 /* Check Pods Manifest.lock */ = {
			isa = PBXShellScriptBuildPhase;
			buildActionMask = 2147483647;
			files = (
			);
			inputPaths = (
			);
			name = "Check Pods Manifest.lock";
			outputPaths = (
			);
			runOnlyForDeploymentPostprocessing = 0;
			shellPath = /bin/sh;
			shellScript = "diff \"${PODS_ROOT}/../Podfile.lock\" \"${PODS_ROOT}/Manifest.lock\" > /dev/null\nif [[ $? != 0 ]] ; then\n    cat << EOM\nerror: The sandbox is not in sync with the Podfile.lock. Run 'pod install' or update your CocoaPods installation.\nEOM\n    exit 1\nfi\n";
			showEnvVarsInLog = 0;
		};
		5A152F32C84D465795199FAE /* Copy Pods Resources */ = {
			isa = PBXShellScriptBuildPhase;
			buildActionMask = 2147483647;
			files = (
			);
			inputPaths = (
			);
			name = "Copy Pods Resources";
			outputPaths = (
			);
			runOnlyForDeploymentPostprocessing = 0;
			shellPath = /bin/sh;
			shellScript = "\"${SRCROOT}/Pods/Target Support Files/Pods/Pods-resources.sh\"\n";
			showEnvVarsInLog = 0;
		};
/* End PBXShellScriptBuildPhase section */

/* Begin PBXSourcesBuildPhase section */
		22316DD319BFB422006FD165 /* Sources */ = {
			isa = PBXSourcesBuildPhase;
			buildActionMask = 2147483647;
			files = (
				22C5D70E19FF87E200CD8D26 /* ExtensionField.swift in Sources */,
				22C5D71519FF87E200CD8D26 /* WireFormat.swift in Sources */,
				E1F923CA1B0612B40020CEEA /* SensorDescSingleValue.swift in Sources */,
				22F1A5FB1A10A5E30097B2E4 /* nervous.xcdatamodeld in Sources */,
				E173CD681B0387E200E56ED2 /* SensorDescGyroscope.swift in Sources */,
				22C5D71219FF87E200CD8D26 /* RingBuffer.swift in Sources */,
				FC1346AD1AD5D04000D9998C /* SQLiteDB.swift in Sources */,
				22C5D71419FF87E200CD8D26 /* UnknownFieldSetBuilder.swift in Sources */,
				22653FEF19D6D243004E1AA2 /* SensorDesc.swift in Sources */,
				22C5D70819FF87E200CD8D26 /* AbstractMessage.swift in Sources */,
				311E82701A001D8500C176FE /* FilterButtonView.swift in Sources */,
				FC1346AE1AD5D04000D9998C /* String-Extras.swift in Sources */,
				22653FF919D6FBDB004E1AA2 /* NervousVM.swift in Sources */,
				22C5D71119FF87E200CD8D26 /* GeneratedMessage.swift in Sources */,
				22C5D71919FFADBA00CD8D26 /* SensorDetailController.swift in Sources */,
				E1F923CE1B0635470020CEEA /* SensorDescProximity.swift in Sources */,
				22C5D70B19FF87E200CD8D26 /* ConcreteExtensionField.swift in Sources */,
				22316DDD19BFB422006FD165 /* AppDelegate.swift in Sources */,
				22653FF119D6D3CF004E1AA2 /* SensorDescBLEBeacon.swift in Sources */,
				E1F923CC1B0615F90020CEEA /* SensorDescMagnetic.swift in Sources */,
				22B912E019D76F96006094C6 /* SensorViewController.swift in Sources */,
				22F1A6021A10A82E0097B2E4 /* MapNode.swift in Sources */,
				24756F2D1B0CD17900D31AA2 /* Query.swift in Sources */,
				24E4FFC51B022522002AED24 /* SensorDescAccelerometer.swift in Sources */,
				22F1A6001A10A8260097B2E4 /* MapEdge.swift in Sources */,
				22C5D70C19FF87E200CD8D26 /* ExtendableMessage.swift in Sources */,
				22C5D70A19FF87E200CD8D26 /* CodedOutputStream.swift in Sources */,
				225830191A2807AF00075C8D /* CreditsViewController.swift in Sources */,
				22C5D70F19FF87E200CD8D26 /* ExtensionRegistry.swift in Sources */,
				FC1346B71AD5E99C00D9998C /* SQLiteSensorsDB.swift in Sources */,
				22C5D71319FF87E200CD8D26 /* UnknownFieldSet.swift in Sources */,
				24756F311B0CD4E500D31AA2 /* QueryNum.swift in Sources */,
				22653FF419D6E044004E1AA2 /* UploadTask.swift in Sources */,
				22D2D66D19C0979E00B11C54 /* Sensorupload.pb.swift in Sources */,
				24756F2F1B0CD4A000D31AA2 /* QueryText.swift in Sources */,
				FC1346B91AD5EC0400D9998C /* SensorsDB.swift in Sources */,
				22653FF619D6E669004E1AA2 /* BLESensor.swift in Sources */,
				22C5D71019FF87E200CD8D26 /* Field.swift in Sources */,
				22392F3E1A0CF421008035FA /* MapDataController.swift in Sources */,
				22B03E5519CE032B00E50D04 /* MapViewController.swift in Sources */,
				FC9285AC1B026DCE00160A69 /* SensorDescBattery.swift in Sources */,
				22C5D70D19FF87E200CD8D26 /* ExtendableMessageBuilder.swift in Sources */,
				22C5D70919FF87E200CD8D26 /* CodedInputStream.swift in Sources */,
				E1B95CF81B04E1D0004A5E20 /* SensorDescVectorValue.swift in Sources */,
			);
			runOnlyForDeploymentPostprocessing = 0;
		};
		22316DE719BFB422006FD165 /* Sources */ = {
			isa = PBXSourcesBuildPhase;
			buildActionMask = 2147483647;
			files = (
				22316DF219BFB422006FD165 /* nervousTests.swift in Sources */,
			);
			runOnlyForDeploymentPostprocessing = 0;
		};
/* End PBXSourcesBuildPhase section */

/* Begin PBXTargetDependency section */
		22316DED19BFB422006FD165 /* PBXTargetDependency */ = {
			isa = PBXTargetDependency;
			target = 22316DD619BFB422006FD165 /* nervousnet */;
			targetProxy = 22316DEC19BFB422006FD165 /* PBXContainerItemProxy */;
		};
/* End PBXTargetDependency section */

/* Begin PBXVariantGroup section */
		22316DE219BFB422006FD165 /* Main.storyboard */ = {
			isa = PBXVariantGroup;
			children = (
				22316DE319BFB422006FD165 /* Base */,
			);
			name = Main.storyboard;
			sourceTree = "<group>";
		};
/* End PBXVariantGroup section */

/* Begin XCBuildConfiguration section */
		22316DF319BFB422006FD165 /* Debug */ = {
			isa = XCBuildConfiguration;
			buildSettings = {
				ALWAYS_SEARCH_USER_PATHS = NO;
				CLANG_CXX_LANGUAGE_STANDARD = "gnu++0x";
				CLANG_CXX_LIBRARY = "libc++";
				CLANG_ENABLE_MODULES = YES;
				CLANG_ENABLE_OBJC_ARC = YES;
				CLANG_WARN_BOOL_CONVERSION = YES;
				CLANG_WARN_CONSTANT_CONVERSION = YES;
				CLANG_WARN_DIRECT_OBJC_ISA_USAGE = YES_ERROR;
				CLANG_WARN_EMPTY_BODY = YES;
				CLANG_WARN_ENUM_CONVERSION = YES;
				CLANG_WARN_INT_CONVERSION = YES;
				CLANG_WARN_OBJC_ROOT_CLASS = YES_ERROR;
				CLANG_WARN_UNREACHABLE_CODE = YES;
				CLANG_WARN__DUPLICATE_METHOD_MATCH = YES;
				"CODE_SIGN_IDENTITY[sdk=iphoneos*]" = "iPhone Developer";
				COPY_PHASE_STRIP = NO;
				ENABLE_STRICT_OBJC_MSGSEND = YES;
				GCC_C_LANGUAGE_STANDARD = gnu99;
				GCC_DYNAMIC_NO_PIC = NO;
				GCC_OPTIMIZATION_LEVEL = 0;
				GCC_PREPROCESSOR_DEFINITIONS = (
					"DEBUG=1",
					"$(inherited)",
				);
				GCC_SYMBOLS_PRIVATE_EXTERN = NO;
				GCC_WARN_64_TO_32_BIT_CONVERSION = YES;
				GCC_WARN_ABOUT_RETURN_TYPE = YES_ERROR;
				GCC_WARN_UNDECLARED_SELECTOR = YES;
				GCC_WARN_UNINITIALIZED_AUTOS = YES_AGGRESSIVE;
				GCC_WARN_UNUSED_FUNCTION = YES;
				GCC_WARN_UNUSED_VARIABLE = YES;
				IPHONEOS_DEPLOYMENT_TARGET = 8.0;
				MTL_ENABLE_DEBUG_INFO = YES;
				ONLY_ACTIVE_ARCH = YES;
				SDKROOT = iphoneos;
				SWIFT_OPTIMIZATION_LEVEL = "-Onone";
			};
			name = Debug;
		};
		22316DF419BFB422006FD165 /* Release */ = {
			isa = XCBuildConfiguration;
			buildSettings = {
				ALWAYS_SEARCH_USER_PATHS = NO;
				CLANG_CXX_LANGUAGE_STANDARD = "gnu++0x";
				CLANG_CXX_LIBRARY = "libc++";
				CLANG_ENABLE_MODULES = YES;
				CLANG_ENABLE_OBJC_ARC = YES;
				CLANG_WARN_BOOL_CONVERSION = YES;
				CLANG_WARN_CONSTANT_CONVERSION = YES;
				CLANG_WARN_DIRECT_OBJC_ISA_USAGE = YES_ERROR;
				CLANG_WARN_EMPTY_BODY = YES;
				CLANG_WARN_ENUM_CONVERSION = YES;
				CLANG_WARN_INT_CONVERSION = YES;
				CLANG_WARN_OBJC_ROOT_CLASS = YES_ERROR;
				CLANG_WARN_UNREACHABLE_CODE = YES;
				CLANG_WARN__DUPLICATE_METHOD_MATCH = YES;
				"CODE_SIGN_IDENTITY[sdk=iphoneos*]" = "iPhone Developer";
				COPY_PHASE_STRIP = YES;
				ENABLE_NS_ASSERTIONS = NO;
				ENABLE_STRICT_OBJC_MSGSEND = YES;
				GCC_C_LANGUAGE_STANDARD = gnu99;
				GCC_WARN_64_TO_32_BIT_CONVERSION = YES;
				GCC_WARN_ABOUT_RETURN_TYPE = YES_ERROR;
				GCC_WARN_UNDECLARED_SELECTOR = YES;
				GCC_WARN_UNINITIALIZED_AUTOS = YES_AGGRESSIVE;
				GCC_WARN_UNUSED_FUNCTION = YES;
				GCC_WARN_UNUSED_VARIABLE = YES;
				IPHONEOS_DEPLOYMENT_TARGET = 8.0;
				MTL_ENABLE_DEBUG_INFO = NO;
				SDKROOT = iphoneos;
				VALIDATE_PRODUCT = YES;
			};
			name = Release;
		};
		22316DF619BFB422006FD165 /* Debug */ = {
			isa = XCBuildConfiguration;
			baseConfigurationReference = 945DC94D19FB201D0BBE095C /* Pods.debug.xcconfig */;
			buildSettings = {
				ASSETCATALOG_COMPILER_APPICON_NAME = AppIcon;
				ASSETCATALOG_COMPILER_LAUNCHIMAGE_NAME = LaunchImage;
				CLANG_ENABLE_MODULES = YES;
				CODE_SIGN_IDENTITY = "iPhone Developer";
				"CODE_SIGN_IDENTITY[sdk=iphoneos*]" = "iPhone Developer";
				FRAMEWORK_SEARCH_PATHS = (
					"$(inherited)",
					"$(PROJECT_DIR)",
				);
				INFOPLIST_FILE = nervous/Info.plist;
				IPHONEOS_DEPLOYMENT_TARGET = 8.0;
				LD_RUNPATH_SEARCH_PATHS = "$(inherited) @executable_path/Frameworks";
				LIBRARY_SEARCH_PATHS = (
					"$(inherited)",
					"$(PROJECT_DIR)/Mapbox",
					"$(PROJECT_DIR)",
					"$(PROJECT_DIR)/Pods/build/Debug-iphoneos",
				);
				PRODUCT_NAME = nervous;
				PROVISIONING_PROFILE = "";
				SWIFT_OBJC_BRIDGING_HEADER = "nervous/nervous-Bridging-Header.h";
				"SWIFT_OBJC_BRIDGING_HEADER[arch=*]" = "nervous/-Bridging-Header.h";
				SWIFT_OPTIMIZATION_LEVEL = "-Onone";
				TARGETED_DEVICE_FAMILY = 1;
			};
			name = Debug;
		};
		22316DF719BFB422006FD165 /* Release */ = {
			isa = XCBuildConfiguration;
			baseConfigurationReference = AC5F25183B95B2D3730BA466 /* Pods.release.xcconfig */;
			buildSettings = {
				ASSETCATALOG_COMPILER_APPICON_NAME = AppIcon;
				ASSETCATALOG_COMPILER_LAUNCHIMAGE_NAME = LaunchImage;
				CLANG_ENABLE_MODULES = YES;
				CODE_SIGN_IDENTITY = "iPhone Developer";
				"CODE_SIGN_IDENTITY[sdk=iphoneos*]" = "iPhone Developer";
				FRAMEWORK_SEARCH_PATHS = (
					"$(inherited)",
					"$(PROJECT_DIR)",
				);
				INFOPLIST_FILE = nervous/Info.plist;
				IPHONEOS_DEPLOYMENT_TARGET = 8.0;
				LD_RUNPATH_SEARCH_PATHS = "$(inherited) @executable_path/Frameworks";
				LIBRARY_SEARCH_PATHS = (
					"$(inherited)",
					"$(PROJECT_DIR)/Mapbox",
					"$(PROJECT_DIR)",
					"$(PROJECT_DIR)/Pods/build/Debug-iphoneos",
				);
				PRODUCT_NAME = nervous;
				PROVISIONING_PROFILE = "";
				SWIFT_OBJC_BRIDGING_HEADER = "nervous/nervous-Bridging-Header.h";
				"SWIFT_OBJC_BRIDGING_HEADER[arch=*]" = "nervous/-Bridging-Header.h";
				TARGETED_DEVICE_FAMILY = 1;
			};
			name = Release;
		};
		22316DF919BFB422006FD165 /* Debug */ = {
			isa = XCBuildConfiguration;
			buildSettings = {
				BUNDLE_LOADER = "$(TEST_HOST)";
				FRAMEWORK_SEARCH_PATHS = (
					"$(SDKROOT)/Developer/Library/Frameworks",
					"$(inherited)",
				);
				GCC_PREPROCESSOR_DEFINITIONS = (
					"DEBUG=1",
					"$(inherited)",
				);
				INFOPLIST_FILE = nervousTests/Info.plist;
				LD_RUNPATH_SEARCH_PATHS = "$(inherited) @executable_path/Frameworks @loader_path/Frameworks";
				PRODUCT_NAME = nervousnetTests;
				TEST_HOST = "$(BUILT_PRODUCTS_DIR)/nervous.app/nervous";
			};
			name = Debug;
		};
		22316DFA19BFB422006FD165 /* Release */ = {
			isa = XCBuildConfiguration;
			buildSettings = {
				BUNDLE_LOADER = "$(TEST_HOST)";
				FRAMEWORK_SEARCH_PATHS = (
					"$(SDKROOT)/Developer/Library/Frameworks",
					"$(inherited)",
				);
				INFOPLIST_FILE = nervousTests/Info.plist;
				LD_RUNPATH_SEARCH_PATHS = "$(inherited) @executable_path/Frameworks @loader_path/Frameworks";
				PRODUCT_NAME = nervousnetTests;
				TEST_HOST = "$(BUILT_PRODUCTS_DIR)/nervous.app/nervous";
			};
			name = Release;
		};
/* End XCBuildConfiguration section */

/* Begin XCConfigurationList section */
		22316DD219BFB422006FD165 /* Build configuration list for PBXProject "nervousnet" */ = {
			isa = XCConfigurationList;
			buildConfigurations = (
				22316DF319BFB422006FD165 /* Debug */,
				22316DF419BFB422006FD165 /* Release */,
			);
			defaultConfigurationIsVisible = 0;
			defaultConfigurationName = Release;
		};
		22316DF519BFB422006FD165 /* Build configuration list for PBXNativeTarget "nervousnet" */ = {
			isa = XCConfigurationList;
			buildConfigurations = (
				22316DF619BFB422006FD165 /* Debug */,
				22316DF719BFB422006FD165 /* Release */,
			);
			defaultConfigurationIsVisible = 0;
			defaultConfigurationName = Release;
		};
		22316DF819BFB422006FD165 /* Build configuration list for PBXNativeTarget "nervousnetTests" */ = {
			isa = XCConfigurationList;
			buildConfigurations = (
				22316DF919BFB422006FD165 /* Debug */,
				22316DFA19BFB422006FD165 /* Release */,
			);
			defaultConfigurationIsVisible = 0;
			defaultConfigurationName = Release;
		};
/* End XCConfigurationList section */

/* Begin XCVersionGroup section */
		22F1A5F91A10A5E30097B2E4 /* nervous.xcdatamodeld */ = {
			isa = XCVersionGroup;
			children = (
				22F1A5FA1A10A5E30097B2E4 /* nervous.xcdatamodel */,
			);
			currentVersion = 22F1A5FA1A10A5E30097B2E4 /* nervous.xcdatamodel */;
			path = nervous.xcdatamodeld;
			sourceTree = "<group>";
			versionGroupType = wrapper.xcdatamodel;
		};
/* End XCVersionGroup section */
	};
	rootObject = 22316DCF19BFB422006FD165 /* Project object */;
}
