// !$*UTF8*$!
{
	archiveVersion = 1;
	classes = {
	};
	objectVersion = 46;
	objects = {

/* Begin PBXBuildFile section */
		22316DDD19BFB422006FD165 /* AppDelegate.swift in Sources */ = {isa = PBXBuildFile; fileRef = 22316DDC19BFB422006FD165 /* AppDelegate.swift */; };
		22316DDF19BFB422006FD165 /* MapViewController.swift in Sources */ = {isa = PBXBuildFile; fileRef = 22316DDE19BFB422006FD165 /* MapViewController.swift */; };
		22316DE119BFB422006FD165 /* ProfileViewController.swift in Sources */ = {isa = PBXBuildFile; fileRef = 22316DE019BFB422006FD165 /* ProfileViewController.swift */; };
		22316DE419BFB422006FD165 /* Main.storyboard in Resources */ = {isa = PBXBuildFile; fileRef = 22316DE219BFB422006FD165 /* Main.storyboard */; };
		22316DE619BFB422006FD165 /* Images.xcassets in Resources */ = {isa = PBXBuildFile; fileRef = 22316DE519BFB422006FD165 /* Images.xcassets */; };
		22316DF219BFB422006FD165 /* nervousTests.swift in Sources */ = {isa = PBXBuildFile; fileRef = 22316DF119BFB422006FD165 /* nervousTests.swift */; };
		22BB43E619C1C20500A1F1FA /* AbstractMessage.swift in Sources */ = {isa = PBXBuildFile; fileRef = 22BB43D819C1C20500A1F1FA /* AbstractMessage.swift */; };
		22BB43E719C1C20500A1F1FA /* CodedInputStream.swift in Sources */ = {isa = PBXBuildFile; fileRef = 22BB43D919C1C20500A1F1FA /* CodedInputStream.swift */; };
		22BB43E819C1C20500A1F1FA /* CodedOutputStream.swift in Sources */ = {isa = PBXBuildFile; fileRef = 22BB43DA19C1C20500A1F1FA /* CodedOutputStream.swift */; };
		22BB43E919C1C20500A1F1FA /* ConcreteExtensionField.swift in Sources */ = {isa = PBXBuildFile; fileRef = 22BB43DB19C1C20500A1F1FA /* ConcreteExtensionField.swift */; };
		22BB43EA19C1C20500A1F1FA /* ExtendableMessage.swift in Sources */ = {isa = PBXBuildFile; fileRef = 22BB43DC19C1C20500A1F1FA /* ExtendableMessage.swift */; };
		22BB43EB19C1C20500A1F1FA /* ExtendableMessageBuilder.swift in Sources */ = {isa = PBXBuildFile; fileRef = 22BB43DD19C1C20500A1F1FA /* ExtendableMessageBuilder.swift */; };
		22BB43EC19C1C20500A1F1FA /* ExtensionField.swift in Sources */ = {isa = PBXBuildFile; fileRef = 22BB43DE19C1C20500A1F1FA /* ExtensionField.swift */; };
		22BB43ED19C1C20500A1F1FA /* ExtensionRegistry.swift in Sources */ = {isa = PBXBuildFile; fileRef = 22BB43DF19C1C20500A1F1FA /* ExtensionRegistry.swift */; };
		22BB43EE19C1C20500A1F1FA /* Field.swift in Sources */ = {isa = PBXBuildFile; fileRef = 22BB43E019C1C20500A1F1FA /* Field.swift */; };
		22BB43EF19C1C20500A1F1FA /* GeneratedMessage.swift in Sources */ = {isa = PBXBuildFile; fileRef = 22BB43E119C1C20500A1F1FA /* GeneratedMessage.swift */; };
		22BB43F019C1C20500A1F1FA /* RingBuffer.swift in Sources */ = {isa = PBXBuildFile; fileRef = 22BB43E219C1C20500A1F1FA /* RingBuffer.swift */; };
		22BB43F119C1C20500A1F1FA /* UnknownFieldSet.swift in Sources */ = {isa = PBXBuildFile; fileRef = 22BB43E319C1C20500A1F1FA /* UnknownFieldSet.swift */; };
		22BB43F219C1C20500A1F1FA /* UnknownFieldSetBuilder.swift in Sources */ = {isa = PBXBuildFile; fileRef = 22BB43E419C1C20500A1F1FA /* UnknownFieldSetBuilder.swift */; };
		22BB43F319C1C20500A1F1FA /* WireFormat.swift in Sources */ = {isa = PBXBuildFile; fileRef = 22BB43E519C1C20500A1F1FA /* WireFormat.swift */; };
		22BB43F519C1C8EB00A1F1FA /* AgentTableViewController.swift in Sources */ = {isa = PBXBuildFile; fileRef = 22BB43F419C1C8EB00A1F1FA /* AgentTableViewController.swift */; };
		22BB43F719C1C95400A1F1FA /* AgentNewViewController.swift in Sources */ = {isa = PBXBuildFile; fileRef = 22BB43F619C1C95400A1F1FA /* AgentNewViewController.swift */; };
		22D2D65C19C04C6500B11C54 /* map.html in Resources */ = {isa = PBXBuildFile; fileRef = 22D2D65B19C04C6500B11C54 /* map.html */; };
		22D2D66D19C0979E00B11C54 /* Sensorupload.pb.swift in Sources */ = {isa = PBXBuildFile; fileRef = 22D2D66C19C0979E00B11C54 /* Sensorupload.pb.swift */; };
		22D2D66F19C097F900B11C54 /* Foundation.framework in Frameworks */ = {isa = PBXBuildFile; fileRef = 22D2D66E19C097F900B11C54 /* Foundation.framework */; };
/* End PBXBuildFile section */

/* Begin PBXContainerItemProxy section */
		22316DEC19BFB422006FD165 /* PBXContainerItemProxy */ = {
			isa = PBXContainerItemProxy;
			containerPortal = 22316DCF19BFB422006FD165 /* Project object */;
			proxyType = 1;
			remoteGlobalIDString = 22316DD619BFB422006FD165;
			remoteInfo = nervous;
		};
/* End PBXContainerItemProxy section */

/* Begin PBXFileReference section */
		22316DD719BFB422006FD165 /* nervous.app */ = {isa = PBXFileReference; explicitFileType = wrapper.application; includeInIndex = 0; path = nervous.app; sourceTree = BUILT_PRODUCTS_DIR; };
		22316DDB19BFB422006FD165 /* Info.plist */ = {isa = PBXFileReference; lastKnownFileType = text.plist.xml; path = Info.plist; sourceTree = "<group>"; };
		22316DDC19BFB422006FD165 /* AppDelegate.swift */ = {isa = PBXFileReference; lastKnownFileType = sourcecode.swift; path = AppDelegate.swift; sourceTree = "<group>"; };
		22316DDE19BFB422006FD165 /* MapViewController.swift */ = {isa = PBXFileReference; lastKnownFileType = sourcecode.swift; path = MapViewController.swift; sourceTree = "<group>"; };
		22316DE019BFB422006FD165 /* ProfileViewController.swift */ = {isa = PBXFileReference; lastKnownFileType = sourcecode.swift; path = ProfileViewController.swift; sourceTree = "<group>"; };
		22316DE319BFB422006FD165 /* Base */ = {isa = PBXFileReference; lastKnownFileType = file.storyboard; name = Base; path = Base.lproj/Main.storyboard; sourceTree = "<group>"; };
		22316DE519BFB422006FD165 /* Images.xcassets */ = {isa = PBXFileReference; lastKnownFileType = folder.assetcatalog; path = Images.xcassets; sourceTree = "<group>"; };
		22316DEB19BFB422006FD165 /* nervousTests.xctest */ = {isa = PBXFileReference; explicitFileType = wrapper.cfbundle; includeInIndex = 0; path = nervousTests.xctest; sourceTree = BUILT_PRODUCTS_DIR; };
		22316DF019BFB422006FD165 /* Info.plist */ = {isa = PBXFileReference; lastKnownFileType = text.plist.xml; path = Info.plist; sourceTree = "<group>"; };
		22316DF119BFB422006FD165 /* nervousTests.swift */ = {isa = PBXFileReference; lastKnownFileType = sourcecode.swift; path = nervousTests.swift; sourceTree = "<group>"; };
		22BB43D819C1C20500A1F1FA /* AbstractMessage.swift */ = {isa = PBXFileReference; fileEncoding = 4; lastKnownFileType = sourcecode.swift; path = AbstractMessage.swift; sourceTree = "<group>"; };
		22BB43D919C1C20500A1F1FA /* CodedInputStream.swift */ = {isa = PBXFileReference; fileEncoding = 4; lastKnownFileType = sourcecode.swift; path = CodedInputStream.swift; sourceTree = "<group>"; };
		22BB43DA19C1C20500A1F1FA /* CodedOutputStream.swift */ = {isa = PBXFileReference; fileEncoding = 4; lastKnownFileType = sourcecode.swift; path = CodedOutputStream.swift; sourceTree = "<group>"; };
		22BB43DB19C1C20500A1F1FA /* ConcreteExtensionField.swift */ = {isa = PBXFileReference; fileEncoding = 4; lastKnownFileType = sourcecode.swift; path = ConcreteExtensionField.swift; sourceTree = "<group>"; };
		22BB43DC19C1C20500A1F1FA /* ExtendableMessage.swift */ = {isa = PBXFileReference; fileEncoding = 4; lastKnownFileType = sourcecode.swift; path = ExtendableMessage.swift; sourceTree = "<group>"; };
		22BB43DD19C1C20500A1F1FA /* ExtendableMessageBuilder.swift */ = {isa = PBXFileReference; fileEncoding = 4; lastKnownFileType = sourcecode.swift; path = ExtendableMessageBuilder.swift; sourceTree = "<group>"; };
		22BB43DE19C1C20500A1F1FA /* ExtensionField.swift */ = {isa = PBXFileReference; fileEncoding = 4; lastKnownFileType = sourcecode.swift; path = ExtensionField.swift; sourceTree = "<group>"; };
		22BB43DF19C1C20500A1F1FA /* ExtensionRegistry.swift */ = {isa = PBXFileReference; fileEncoding = 4; lastKnownFileType = sourcecode.swift; path = ExtensionRegistry.swift; sourceTree = "<group>"; };
		22BB43E019C1C20500A1F1FA /* Field.swift */ = {isa = PBXFileReference; fileEncoding = 4; lastKnownFileType = sourcecode.swift; path = Field.swift; sourceTree = "<group>"; };
		22BB43E119C1C20500A1F1FA /* GeneratedMessage.swift */ = {isa = PBXFileReference; fileEncoding = 4; lastKnownFileType = sourcecode.swift; path = GeneratedMessage.swift; sourceTree = "<group>"; };
		22BB43E219C1C20500A1F1FA /* RingBuffer.swift */ = {isa = PBXFileReference; fileEncoding = 4; lastKnownFileType = sourcecode.swift; path = RingBuffer.swift; sourceTree = "<group>"; };
		22BB43E319C1C20500A1F1FA /* UnknownFieldSet.swift */ = {isa = PBXFileReference; fileEncoding = 4; lastKnownFileType = sourcecode.swift; path = UnknownFieldSet.swift; sourceTree = "<group>"; };
		22BB43E419C1C20500A1F1FA /* UnknownFieldSetBuilder.swift */ = {isa = PBXFileReference; fileEncoding = 4; lastKnownFileType = sourcecode.swift; path = UnknownFieldSetBuilder.swift; sourceTree = "<group>"; };
		22BB43E519C1C20500A1F1FA /* WireFormat.swift */ = {isa = PBXFileReference; fileEncoding = 4; lastKnownFileType = sourcecode.swift; path = WireFormat.swift; sourceTree = "<group>"; };
		22BB43F419C1C8EB00A1F1FA /* AgentTableViewController.swift */ = {isa = PBXFileReference; fileEncoding = 4; lastKnownFileType = sourcecode.swift; path = AgentTableViewController.swift; sourceTree = "<group>"; };
		22BB43F619C1C95400A1F1FA /* AgentNewViewController.swift */ = {isa = PBXFileReference; fileEncoding = 4; lastKnownFileType = sourcecode.swift; path = AgentNewViewController.swift; sourceTree = "<group>"; };
		22D2D65B19C04C6500B11C54 /* map.html */ = {isa = PBXFileReference; fileEncoding = 4; lastKnownFileType = text.html; path = map.html; sourceTree = "<group>"; };
		22D2D66C19C0979E00B11C54 /* Sensorupload.pb.swift */ = {isa = PBXFileReference; fileEncoding = 4; lastKnownFileType = sourcecode.swift; path = Sensorupload.pb.swift; sourceTree = "<group>"; };
		22D2D66E19C097F900B11C54 /* Foundation.framework */ = {isa = PBXFileReference; lastKnownFileType = wrapper.framework; name = Foundation.framework; path = System/Library/Frameworks/Foundation.framework; sourceTree = SDKROOT; };
/* End PBXFileReference section */

/* Begin PBXFrameworksBuildPhase section */
		22316DD419BFB422006FD165 /* Frameworks */ = {
			isa = PBXFrameworksBuildPhase;
			buildActionMask = 2147483647;
			files = (
				22D2D66F19C097F900B11C54 /* Foundation.framework in Frameworks */,
			);
			runOnlyForDeploymentPostprocessing = 0;
		};
		22316DE819BFB422006FD165 /* Frameworks */ = {
			isa = PBXFrameworksBuildPhase;
			buildActionMask = 2147483647;
			files = (
			);
			runOnlyForDeploymentPostprocessing = 0;
		};
/* End PBXFrameworksBuildPhase section */

/* Begin PBXGroup section */
		22316DCE19BFB422006FD165 = {
			isa = PBXGroup;
			children = (
				22316DD919BFB422006FD165 /* nervous */,
				22316DEE19BFB422006FD165 /* nervousTests */,
				22316DD819BFB422006FD165 /* Products */,
				22D2D66E19C097F900B11C54 /* Foundation.framework */,
			);
			sourceTree = "<group>";
		};
		22316DD819BFB422006FD165 /* Products */ = {
			isa = PBXGroup;
			children = (
				22316DD719BFB422006FD165 /* nervous.app */,
				22316DEB19BFB422006FD165 /* nervousTests.xctest */,
			);
			name = Products;
			sourceTree = "<group>";
		};
		22316DD919BFB422006FD165 /* nervous */ = {
			isa = PBXGroup;
			children = (
				22BB43D719C1C20500A1F1FA /* runtime-pb-swift */,
				22D2D66C19C0979E00B11C54 /* Sensorupload.pb.swift */,
				22316DDC19BFB422006FD165 /* AppDelegate.swift */,
				22316DDE19BFB422006FD165 /* MapViewController.swift */,
				22BB43F419C1C8EB00A1F1FA /* AgentTableViewController.swift */,
				22BB43F619C1C95400A1F1FA /* AgentNewViewController.swift */,
				22316DE019BFB422006FD165 /* ProfileViewController.swift */,
				22316DE219BFB422006FD165 /* Main.storyboard */,
				22316DE519BFB422006FD165 /* Images.xcassets */,
				22316DDA19BFB422006FD165 /* Supporting Files */,
			);
			path = nervous;
			sourceTree = "<group>";
		};
		22316DDA19BFB422006FD165 /* Supporting Files */ = {
			isa = PBXGroup;
			children = (
				22316DDB19BFB422006FD165 /* Info.plist */,
				22D2D65B19C04C6500B11C54 /* map.html */,
			);
			name = "Supporting Files";
			sourceTree = "<group>";
		};
		22316DEE19BFB422006FD165 /* nervousTests */ = {
			isa = PBXGroup;
			children = (
				22316DF119BFB422006FD165 /* nervousTests.swift */,
				22316DEF19BFB422006FD165 /* Supporting Files */,
			);
			path = nervousTests;
			sourceTree = "<group>";
		};
		22316DEF19BFB422006FD165 /* Supporting Files */ = {
			isa = PBXGroup;
			children = (
				22316DF019BFB422006FD165 /* Info.plist */,
			);
			name = "Supporting Files";
			sourceTree = "<group>";
		};
		22BB43D719C1C20500A1F1FA /* runtime-pb-swift */ = {
			isa = PBXGroup;
			children = (
				22BB43D819C1C20500A1F1FA /* AbstractMessage.swift */,
				22BB43D919C1C20500A1F1FA /* CodedInputStream.swift */,
				22BB43DA19C1C20500A1F1FA /* CodedOutputStream.swift */,
				22BB43DB19C1C20500A1F1FA /* ConcreteExtensionField.swift */,
				22BB43DC19C1C20500A1F1FA /* ExtendableMessage.swift */,
				22BB43DD19C1C20500A1F1FA /* ExtendableMessageBuilder.swift */,
				22BB43DE19C1C20500A1F1FA /* ExtensionField.swift */,
				22BB43DF19C1C20500A1F1FA /* ExtensionRegistry.swift */,
				22BB43E019C1C20500A1F1FA /* Field.swift */,
				22BB43E119C1C20500A1F1FA /* GeneratedMessage.swift */,
				22BB43E219C1C20500A1F1FA /* RingBuffer.swift */,
				22BB43E319C1C20500A1F1FA /* UnknownFieldSet.swift */,
				22BB43E419C1C20500A1F1FA /* UnknownFieldSetBuilder.swift */,
				22BB43E519C1C20500A1F1FA /* WireFormat.swift */,
			);
			name = "runtime-pb-swift";
			path = "../../protobuf-swift/src/runtime-pb-swift";
			sourceTree = "<group>";
		};
/* End PBXGroup section */

/* Begin PBXNativeTarget section */
		22316DD619BFB422006FD165 /* nervous */ = {
			isa = PBXNativeTarget;
			buildConfigurationList = 22316DF519BFB422006FD165 /* Build configuration list for PBXNativeTarget "nervous" */;
			buildPhases = (
				22316DD319BFB422006FD165 /* Sources */,
				22316DD419BFB422006FD165 /* Frameworks */,
				22316DD519BFB422006FD165 /* Resources */,
			);
			buildRules = (
			);
			dependencies = (
			);
			name = nervous;
			productName = nervous;
			productReference = 22316DD719BFB422006FD165 /* nervous.app */;
			productType = "com.apple.product-type.application";
		};
		22316DEA19BFB422006FD165 /* nervousTests */ = {
			isa = PBXNativeTarget;
			buildConfigurationList = 22316DF819BFB422006FD165 /* Build configuration list for PBXNativeTarget "nervousTests" */;
			buildPhases = (
				22316DE719BFB422006FD165 /* Sources */,
				22316DE819BFB422006FD165 /* Frameworks */,
				22316DE919BFB422006FD165 /* Resources */,
			);
			buildRules = (
			);
			dependencies = (
				22316DED19BFB422006FD165 /* PBXTargetDependency */,
			);
			name = nervousTests;
			productName = nervousTests;
			productReference = 22316DEB19BFB422006FD165 /* nervousTests.xctest */;
			productType = "com.apple.product-type.bundle.unit-test";
		};
/* End PBXNativeTarget section */

/* Begin PBXProject section */
		22316DCF19BFB422006FD165 /* Project object */ = {
			isa = PBXProject;
			attributes = {
				LastUpgradeCheck = 0600;
				ORGANIZATIONNAME = ethz;
				TargetAttributes = {
					22316DD619BFB422006FD165 = {
						CreatedOnToolsVersion = 6.0;
						DevelopmentTeam = YLA29NJ7FG;
					};
					22316DEA19BFB422006FD165 = {
						CreatedOnToolsVersion = 6.0;
						TestTargetID = 22316DD619BFB422006FD165;
					};
				};
			};
			buildConfigurationList = 22316DD219BFB422006FD165 /* Build configuration list for PBXProject "nervous" */;
			compatibilityVersion = "Xcode 3.2";
			developmentRegion = English;
			hasScannedForEncodings = 0;
			knownRegions = (
				en,
				Base,
			);
			mainGroup = 22316DCE19BFB422006FD165;
			productRefGroup = 22316DD819BFB422006FD165 /* Products */;
			projectDirPath = "";
			projectRoot = "";
			targets = (
				22316DD619BFB422006FD165 /* nervous */,
				22316DEA19BFB422006FD165 /* nervousTests */,
			);
		};
/* End PBXProject section */

/* Begin PBXResourcesBuildPhase section */
		22316DD519BFB422006FD165 /* Resources */ = {
			isa = PBXResourcesBuildPhase;
			buildActionMask = 2147483647;
			files = (
				22316DE419BFB422006FD165 /* Main.storyboard in Resources */,
				22316DE619BFB422006FD165 /* Images.xcassets in Resources */,
				22D2D65C19C04C6500B11C54 /* map.html in Resources */,
			);
			runOnlyForDeploymentPostprocessing = 0;
		};
		22316DE919BFB422006FD165 /* Resources */ = {
			isa = PBXResourcesBuildPhase;
			buildActionMask = 2147483647;
			files = (
			);
			runOnlyForDeploymentPostprocessing = 0;
		};
/* End PBXResourcesBuildPhase section */

/* Begin PBXSourcesBuildPhase section */
		22316DD319BFB422006FD165 /* Sources */ = {
			isa = PBXSourcesBuildPhase;
			buildActionMask = 2147483647;
			files = (
				22BB43F119C1C20500A1F1FA /* UnknownFieldSet.swift in Sources */,
				22316DE119BFB422006FD165 /* ProfileViewController.swift in Sources */,
				22BB43E619C1C20500A1F1FA /* AbstractMessage.swift in Sources */,
				22BB43F519C1C8EB00A1F1FA /* AgentTableViewController.swift in Sources */,
				22BB43E819C1C20500A1F1FA /* CodedOutputStream.swift in Sources */,
				22BB43EB19C1C20500A1F1FA /* ExtendableMessageBuilder.swift in Sources */,
				22BB43ED19C1C20500A1F1FA /* ExtensionRegistry.swift in Sources */,
				22BB43E919C1C20500A1F1FA /* ConcreteExtensionField.swift in Sources */,
				22BB43EA19C1C20500A1F1FA /* ExtendableMessage.swift in Sources */,
				22BB43EE19C1C20500A1F1FA /* Field.swift in Sources */,
				22BB43F219C1C20500A1F1FA /* UnknownFieldSetBuilder.swift in Sources */,
				22BB43F719C1C95400A1F1FA /* AgentNewViewController.swift in Sources */,
				22316DDD19BFB422006FD165 /* AppDelegate.swift in Sources */,
				22BB43EC19C1C20500A1F1FA /* ExtensionField.swift in Sources */,
				22316DDF19BFB422006FD165 /* MapViewController.swift in Sources */,
				22BB43F019C1C20500A1F1FA /* RingBuffer.swift in Sources */,
				22BB43EF19C1C20500A1F1FA /* GeneratedMessage.swift in Sources */,
				22BB43E719C1C20500A1F1FA /* CodedInputStream.swift in Sources */,
				22D2D66D19C0979E00B11C54 /* Sensorupload.pb.swift in Sources */,
				22BB43F319C1C20500A1F1FA /* WireFormat.swift in Sources */,
			);
			runOnlyForDeploymentPostprocessing = 0;
		};
		22316DE719BFB422006FD165 /* Sources */ = {
			isa = PBXSourcesBuildPhase;
			buildActionMask = 2147483647;
			files = (
				22316DF219BFB422006FD165 /* nervousTests.swift in Sources */,
			);
			runOnlyForDeploymentPostprocessing = 0;
		};
/* End PBXSourcesBuildPhase section */

/* Begin PBXTargetDependency section */
		22316DED19BFB422006FD165 /* PBXTargetDependency */ = {
			isa = PBXTargetDependency;
			target = 22316DD619BFB422006FD165 /* nervous */;
			targetProxy = 22316DEC19BFB422006FD165 /* PBXContainerItemProxy */;
		};
/* End PBXTargetDependency section */

/* Begin PBXVariantGroup section */
		22316DE219BFB422006FD165 /* Main.storyboard */ = {
			isa = PBXVariantGroup;
			children = (
				22316DE319BFB422006FD165 /* Base */,
			);
			name = Main.storyboard;
			sourceTree = "<group>";
		};
/* End PBXVariantGroup section */

/* Begin XCBuildConfiguration section */
		22316DF319BFB422006FD165 /* Debug */ = {
			isa = XCBuildConfiguration;
			buildSettings = {
				ALWAYS_SEARCH_USER_PATHS = NO;
				CLANG_CXX_LANGUAGE_STANDARD = "gnu++0x";
				CLANG_CXX_LIBRARY = "libc++";
				CLANG_ENABLE_MODULES = YES;
				CLANG_ENABLE_OBJC_ARC = YES;
				CLANG_WARN_BOOL_CONVERSION = YES;
				CLANG_WARN_CONSTANT_CONVERSION = YES;
				CLANG_WARN_DIRECT_OBJC_ISA_USAGE = YES_ERROR;
				CLANG_WARN_EMPTY_BODY = YES;
				CLANG_WARN_ENUM_CONVERSION = YES;
				CLANG_WARN_INT_CONVERSION = YES;
				CLANG_WARN_OBJC_ROOT_CLASS = YES_ERROR;
				CLANG_WARN_UNREACHABLE_CODE = YES;
				CLANG_WARN__DUPLICATE_METHOD_MATCH = YES;
				"CODE_SIGN_IDENTITY[sdk=iphoneos*]" = "iPhone Developer";
				COPY_PHASE_STRIP = NO;
				ENABLE_STRICT_OBJC_MSGSEND = YES;
				GCC_C_LANGUAGE_STANDARD = gnu99;
				GCC_DYNAMIC_NO_PIC = NO;
				GCC_OPTIMIZATION_LEVEL = 0;
				GCC_PREPROCESSOR_DEFINITIONS = (
					"DEBUG=1",
					"$(inherited)",
				);
				GCC_SYMBOLS_PRIVATE_EXTERN = NO;
				GCC_WARN_64_TO_32_BIT_CONVERSION = YES;
				GCC_WARN_ABOUT_RETURN_TYPE = YES_ERROR;
				GCC_WARN_UNDECLARED_SELECTOR = YES;
				GCC_WARN_UNINITIALIZED_AUTOS = YES_AGGRESSIVE;
				GCC_WARN_UNUSED_FUNCTION = YES;
				GCC_WARN_UNUSED_VARIABLE = YES;
				IPHONEOS_DEPLOYMENT_TARGET = 8.0;
				MTL_ENABLE_DEBUG_INFO = YES;
				ONLY_ACTIVE_ARCH = YES;
				SDKROOT = iphoneos;
				SWIFT_OPTIMIZATION_LEVEL = "-Onone";
			};
			name = Debug;
		};
		22316DF419BFB422006FD165 /* Release */ = {
			isa = XCBuildConfiguration;
			buildSettings = {
				ALWAYS_SEARCH_USER_PATHS = NO;
				CLANG_CXX_LANGUAGE_STANDARD = "gnu++0x";
				CLANG_CXX_LIBRARY = "libc++";
				CLANG_ENABLE_MODULES = YES;
				CLANG_ENABLE_OBJC_ARC = YES;
				CLANG_WARN_BOOL_CONVERSION = YES;
				CLANG_WARN_CONSTANT_CONVERSION = YES;
				CLANG_WARN_DIRECT_OBJC_ISA_USAGE = YES_ERROR;
				CLANG_WARN_EMPTY_BODY = YES;
				CLANG_WARN_ENUM_CONVERSION = YES;
				CLANG_WARN_INT_CONVERSION = YES;
				CLANG_WARN_OBJC_ROOT_CLASS = YES_ERROR;
				CLANG_WARN_UNREACHABLE_CODE = YES;
				CLANG_WARN__DUPLICATE_METHOD_MATCH = YES;
				"CODE_SIGN_IDENTITY[sdk=iphoneos*]" = "iPhone Developer";
				COPY_PHASE_STRIP = YES;
				ENABLE_NS_ASSERTIONS = NO;
				ENABLE_STRICT_OBJC_MSGSEND = YES;
				GCC_C_LANGUAGE_STANDARD = gnu99;
				GCC_WARN_64_TO_32_BIT_CONVERSION = YES;
				GCC_WARN_ABOUT_RETURN_TYPE = YES_ERROR;
				GCC_WARN_UNDECLARED_SELECTOR = YES;
				GCC_WARN_UNINITIALIZED_AUTOS = YES_AGGRESSIVE;
				GCC_WARN_UNUSED_FUNCTION = YES;
				GCC_WARN_UNUSED_VARIABLE = YES;
				IPHONEOS_DEPLOYMENT_TARGET = 8.0;
				MTL_ENABLE_DEBUG_INFO = NO;
				SDKROOT = iphoneos;
				VALIDATE_PRODUCT = YES;
			};
			name = Release;
		};
		22316DF619BFB422006FD165 /* Debug */ = {
			isa = XCBuildConfiguration;
			buildSettings = {
				ASSETCATALOG_COMPILER_APPICON_NAME = AppIcon;
				ASSETCATALOG_COMPILER_LAUNCHIMAGE_NAME = LaunchImage;
				INFOPLIST_FILE = nervous/Info.plist;
				IPHONEOS_DEPLOYMENT_TARGET = 7.1;
				LD_RUNPATH_SEARCH_PATHS = "$(inherited) @executable_path/Frameworks";
				PRODUCT_NAME = "$(TARGET_NAME)";
			};
			name = Debug;
		};
		22316DF719BFB422006FD165 /* Release */ = {
			isa = XCBuildConfiguration;
			buildSettings = {
				ASSETCATALOG_COMPILER_APPICON_NAME = AppIcon;
				ASSETCATALOG_COMPILER_LAUNCHIMAGE_NAME = LaunchImage;
				INFOPLIST_FILE = nervous/Info.plist;
				IPHONEOS_DEPLOYMENT_TARGET = 7.1;
				LD_RUNPATH_SEARCH_PATHS = "$(inherited) @executable_path/Frameworks";
				PRODUCT_NAME = "$(TARGET_NAME)";
			};
			name = Release;
		};
		22316DF919BFB422006FD165 /* Debug */ = {
			isa = XCBuildConfiguration;
			buildSettings = {
				BUNDLE_LOADER = "$(TEST_HOST)";
				FRAMEWORK_SEARCH_PATHS = (
					"$(SDKROOT)/Developer/Library/Frameworks",
					"$(inherited)",
				);
				GCC_PREPROCESSOR_DEFINITIONS = (
					"DEBUG=1",
					"$(inherited)",
				);
				INFOPLIST_FILE = nervousTests/Info.plist;
				LD_RUNPATH_SEARCH_PATHS = "$(inherited) @executable_path/Frameworks @loader_path/Frameworks";
				PRODUCT_NAME = "$(TARGET_NAME)";
				TEST_HOST = "$(BUILT_PRODUCTS_DIR)/nervous.app/nervous";
			};
			name = Debug;
		};
		22316DFA19BFB422006FD165 /* Release */ = {
			isa = XCBuildConfiguration;
			buildSettings = {
				BUNDLE_LOADER = "$(TEST_HOST)";
				FRAMEWORK_SEARCH_PATHS = (
					"$(SDKROOT)/Developer/Library/Frameworks",
					"$(inherited)",
				);
				INFOPLIST_FILE = nervousTests/Info.plist;
				LD_RUNPATH_SEARCH_PATHS = "$(inherited) @executable_path/Frameworks @loader_path/Frameworks";
				PRODUCT_NAME = "$(TARGET_NAME)";
				TEST_HOST = "$(BUILT_PRODUCTS_DIR)/nervous.app/nervous";
			};
			name = Release;
		};
/* End XCBuildConfiguration section */

/* Begin XCConfigurationList section */
		22316DD219BFB422006FD165 /* Build configuration list for PBXProject "nervous" */ = {
			isa = XCConfigurationList;
			buildConfigurations = (
				22316DF319BFB422006FD165 /* Debug */,
				22316DF419BFB422006FD165 /* Release */,
			);
			defaultConfigurationIsVisible = 0;
			defaultConfigurationName = Release;
		};
		22316DF519BFB422006FD165 /* Build configuration list for PBXNativeTarget "nervous" */ = {
			isa = XCConfigurationList;
			buildConfigurations = (
				22316DF619BFB422006FD165 /* Debug */,
				22316DF719BFB422006FD165 /* Release */,
			);
			defaultConfigurationIsVisible = 0;
			defaultConfigurationName = Release;
		};
		22316DF819BFB422006FD165 /* Build configuration list for PBXNativeTarget "nervousTests" */ = {
			isa = XCConfigurationList;
			buildConfigurations = (
				22316DF919BFB422006FD165 /* Debug */,
				22316DFA19BFB422006FD165 /* Release */,
			);
			defaultConfigurationIsVisible = 0;
			defaultConfigurationName = Release;
		};
/* End XCConfigurationList section */
	};
	rootObject = 22316DCF19BFB422006FD165 /* Project object */;
}
